// !$*UTF8*$!
{
	archiveVersion = 1;
	classes = {
	};
	objectVersion = 46;
	objects = {

/* Begin PBXBuildFile section */
		171ED0D51BA918F9006D3BAE /* RECommonFunctions.m in Sources */ = {isa = PBXBuildFile; fileRef = 171ED0CC1BA918F9006D3BAE /* RECommonFunctions.m */; };
		171ED0D61BA918F9006D3BAE /* REMenu.m in Sources */ = {isa = PBXBuildFile; fileRef = 171ED0CE1BA918F9006D3BAE /* REMenu.m */; };
		171ED0D71BA918F9006D3BAE /* REMenuContainerView.m in Sources */ = {isa = PBXBuildFile; fileRef = 171ED0D01BA918F9006D3BAE /* REMenuContainerView.m */; };
		171ED0D81BA918F9006D3BAE /* REMenuItem.m in Sources */ = {isa = PBXBuildFile; fileRef = 171ED0D21BA918F9006D3BAE /* REMenuItem.m */; };
		171ED0D91BA918F9006D3BAE /* REMenuItemView.m in Sources */ = {isa = PBXBuildFile; fileRef = 171ED0D41BA918F9006D3BAE /* REMenuItemView.m */; };
		171ED0DB1BA9196D006D3BAE /* UIKit.framework in Frameworks */ = {isa = PBXBuildFile; fileRef = 171ED0DA1BA9196D006D3BAE /* UIKit.framework */; };
		171ED0E41BA952AD006D3BAE /* BLRootNavigationController.m in Sources */ = {isa = PBXBuildFile; fileRef = 171ED0E21BA952AD006D3BAE /* BLRootNavigationController.m */; };
		172168131BABE6980065A213 /* BLUIPageJumpButton.m in Sources */ = {isa = PBXBuildFile; fileRef = 1721680C1BABE6980065A213 /* BLUIPageJumpButton.m */; };
		172168141BABE6980065A213 /* BLUISceneButton.m in Sources */ = {isa = PBXBuildFile; fileRef = 1721680E1BABE6980065A213 /* BLUISceneButton.m */; };
		172168151BABE6980065A213 /* BLUISwitch.m in Sources */ = {isa = PBXBuildFile; fileRef = 172168101BABE6980065A213 /* BLUISwitch.m */; };
		172168161BABE6980065A213 /* NSMutableArray+QueueStack.m in Sources */ = {isa = PBXBuildFile; fileRef = 172168121BABE6980065A213 /* NSMutableArray+QueueStack.m */; };
		1721681E1BABE6D90065A213 /* BLUIACButton.m in Sources */ = {isa = PBXBuildFile; fileRef = 1721681B1BABE6D90065A213 /* BLUIACButton.m */; };
		172168241BABE6EA0065A213 /* BLCurtain2ViewController.m in Sources */ = {isa = PBXBuildFile; fileRef = 172168201BABE6EA0065A213 /* BLCurtain2ViewController.m */; };
		172168261BABE6EA0065A213 /* BLUICurtain2Button.m in Sources */ = {isa = PBXBuildFile; fileRef = 172168231BABE6EA0065A213 /* BLUICurtain2Button.m */; };
		172A19661BD0BD820099C97E /* BLACViewController.m in Sources */ = {isa = PBXBuildFile; fileRef = 172A19651BD0BD820099C97E /* BLACViewController.m */; };
		172A19711BD0CBCE0099C97E /* BLACView.m in Sources */ = {isa = PBXBuildFile; fileRef = 172A19701BD0CBCE0099C97E /* BLACView.m */; };
		172A19751BD0EC8B0099C97E /* BLACPanelView.xib in Resources */ = {isa = PBXBuildFile; fileRef = 172A19741BD0EC8B0099C97E /* BLACPanelView.xib */; };
		172A19781BD0F9B50099C97E /* BLUILabel.m in Sources */ = {isa = PBXBuildFile; fileRef = 172A19771BD0F9B50099C97E /* BLUILabel.m */; };
		172A197B1BD0FB950099C97E /* BLUIImageView.m in Sources */ = {isa = PBXBuildFile; fileRef = 172A197A1BD0FB950099C97E /* BLUIImageView.m */; };
		176124C51BB9415C006A8A83 /* BLGCDKNXTunnellingAsyncUdpSocket.m in Sources */ = {isa = PBXBuildFile; fileRef = 176124C41BB9415C006A8A83 /* BLGCDKNXTunnellingAsyncUdpSocket.m */; };
		17619CFF1BB295AE00389414 /* Icon_Activity.png in Resources */ = {isa = PBXBuildFile; fileRef = 17619CFD1BB295AD00389414 /* Icon_Activity.png */; };
		17619D001BB295AE00389414 /* Icon_Activity@2x.png in Resources */ = {isa = PBXBuildFile; fileRef = 17619CFE1BB295AD00389414 /* Icon_Activity@2x.png */; };
		17619D0E1BB3CD8400389414 /* BLPadSettingViewController.m in Sources */ = {isa = PBXBuildFile; fileRef = 17619D0C1BB3CD8400389414 /* BLPadSettingViewController.m */; };
		17619D111BB3E62600389414 /* BLPadSettingViewController.xib in Resources */ = {isa = PBXBuildFile; fileRef = 17619D101BB3E62600389414 /* BLPadSettingViewController.xib */; };
		17619D141BB5328B00389414 /* BLSettingData.m in Sources */ = {isa = PBXBuildFile; fileRef = 17619D131BB5328B00389414 /* BLSettingData.m */; };
		1762F52F1B92D29E00B4EBE7 /* Utils.m in Sources */ = {isa = PBXBuildFile; fileRef = 1762F52E1B92D29E00B4EBE7 /* Utils.m */; };
		1769F0951C28EDD400D0AB42 /* BLUIHeatingButton.m in Sources */ = {isa = PBXBuildFile; fileRef = 1769F0941C28EDD400D0AB42 /* BLUIHeatingButton.m */; };
		1769F09C1C28FEB000D0AB42 /* BLHeatingViewController.m in Sources */ = {isa = PBXBuildFile; fileRef = 1769F09A1C28FEB000D0AB42 /* BLHeatingViewController.m */; };
		1769F09D1C28FEB000D0AB42 /* BLHeatingViewController.xib in Resources */ = {isa = PBXBuildFile; fileRef = 1769F09B1C28FEB000D0AB42 /* BLHeatingViewController.xib */; };
		17736A091BF9AF0000CF1F5F /* ZipArchive in Resources */ = {isa = PBXBuildFile; fileRef = 17736A081BF9AF0000CF1F5F /* ZipArchive */; };
		17736A611BF9AFEE00CF1F5F /* DDData.m in Sources */ = {isa = PBXBuildFile; fileRef = 17736A161BF9AFEE00CF1F5F /* DDData.m */; };
		17736A621BF9AFEE00CF1F5F /* DDNumber.m in Sources */ = {isa = PBXBuildFile; fileRef = 17736A181BF9AFEE00CF1F5F /* DDNumber.m */; };
		17736A631BF9AFEE00CF1F5F /* DDRange.m in Sources */ = {isa = PBXBuildFile; fileRef = 17736A1A1BF9AFEE00CF1F5F /* DDRange.m */; };
		17736A641BF9AFEE00CF1F5F /* HTTPAuthenticationRequest.m in Sources */ = {isa = PBXBuildFile; fileRef = 17736A1C1BF9AFEE00CF1F5F /* HTTPAuthenticationRequest.m */; };
		17736A651BF9AFEE00CF1F5F /* HTTPConnection.m in Sources */ = {isa = PBXBuildFile; fileRef = 17736A1E1BF9AFEE00CF1F5F /* HTTPConnection.m */; };
		17736A661BF9AFEE00CF1F5F /* HTTPMessage.m in Sources */ = {isa = PBXBuildFile; fileRef = 17736A211BF9AFEE00CF1F5F /* HTTPMessage.m */; };
		17736A671BF9AFEE00CF1F5F /* HTTPServer.m in Sources */ = {isa = PBXBuildFile; fileRef = 17736A241BF9AFEE00CF1F5F /* HTTPServer.m */; };
		17736A681BF9AFEE00CF1F5F /* MultipartFormDataParser.m in Sources */ = {isa = PBXBuildFile; fileRef = 17736A271BF9AFEE00CF1F5F /* MultipartFormDataParser.m */; };
		17736A691BF9AFEE00CF1F5F /* MultipartMessageHeader.m in Sources */ = {isa = PBXBuildFile; fileRef = 17736A291BF9AFEE00CF1F5F /* MultipartMessageHeader.m */; };
		17736A6A1BF9AFEE00CF1F5F /* MultipartMessageHeaderField.m in Sources */ = {isa = PBXBuildFile; fileRef = 17736A2B1BF9AFEE00CF1F5F /* MultipartMessageHeaderField.m */; };
		17736A6B1BF9AFEE00CF1F5F /* HTTPAsyncFileResponse.m in Sources */ = {isa = PBXBuildFile; fileRef = 17736A2E1BF9AFEE00CF1F5F /* HTTPAsyncFileResponse.m */; };
		17736A6C1BF9AFEE00CF1F5F /* HTTPDataResponse.m in Sources */ = {isa = PBXBuildFile; fileRef = 17736A301BF9AFEE00CF1F5F /* HTTPDataResponse.m */; };
		17736A6D1BF9AFEE00CF1F5F /* HTTPDynamicFileResponse.m in Sources */ = {isa = PBXBuildFile; fileRef = 17736A321BF9AFEE00CF1F5F /* HTTPDynamicFileResponse.m */; };
		17736A6E1BF9AFEE00CF1F5F /* HTTPErrorResponse.m in Sources */ = {isa = PBXBuildFile; fileRef = 17736A341BF9AFEE00CF1F5F /* HTTPErrorResponse.m */; };
		17736A6F1BF9AFEE00CF1F5F /* HTTPFileResponse.m in Sources */ = {isa = PBXBuildFile; fileRef = 17736A361BF9AFEE00CF1F5F /* HTTPFileResponse.m */; };
		17736A701BF9AFEE00CF1F5F /* HTTPRedirectResponse.m in Sources */ = {isa = PBXBuildFile; fileRef = 17736A381BF9AFEE00CF1F5F /* HTTPRedirectResponse.m */; };
		17736A711BF9AFEE00CF1F5F /* WebSocket.m in Sources */ = {isa = PBXBuildFile; fileRef = 17736A3A1BF9AFEE00CF1F5F /* WebSocket.m */; };
		17736A721BF9AFEE00CF1F5F /* MyHTTPConnection.m in Sources */ = {isa = PBXBuildFile; fileRef = 17736A3D1BF9AFEE00CF1F5F /* MyHTTPConnection.m */; };
		17736A731BF9AFEE00CF1F5F /* index.html in Resources */ = {isa = PBXBuildFile; fileRef = 17736A3F1BF9AFEE00CF1F5F /* index.html */; };
		17736A741BF9AFEE00CF1F5F /* upload.html in Resources */ = {isa = PBXBuildFile; fileRef = 17736A401BF9AFEE00CF1F5F /* upload.html */; };
		17736A751BF9AFEE00CF1F5F /* About.txt in Resources */ = {isa = PBXBuildFile; fileRef = 17736A431BF9AFEE00CF1F5F /* About.txt */; };
		17736A761BF9AFEE00CF1F5F /* DDAbstractDatabaseLogger.m in Sources */ = {isa = PBXBuildFile; fileRef = 17736A451BF9AFEE00CF1F5F /* DDAbstractDatabaseLogger.m */; };
		17736A771BF9AFEE00CF1F5F /* DDASLLogger.m in Sources */ = {isa = PBXBuildFile; fileRef = 17736A471BF9AFEE00CF1F5F /* DDASLLogger.m */; };
		17736A781BF9AFEE00CF1F5F /* DDFileLogger.m in Sources */ = {isa = PBXBuildFile; fileRef = 17736A491BF9AFEE00CF1F5F /* DDFileLogger.m */; };
		17736A791BF9AFEE00CF1F5F /* DDLog.m in Sources */ = {isa = PBXBuildFile; fileRef = 17736A4B1BF9AFEE00CF1F5F /* DDLog.m */; };
		17736A7A1BF9AFEE00CF1F5F /* DDTTYLogger.m in Sources */ = {isa = PBXBuildFile; fileRef = 17736A4D1BF9AFEE00CF1F5F /* DDTTYLogger.m */; };
		17736A7B1BF9AFEE00CF1F5F /* ContextFilterLogFormatter.m in Sources */ = {isa = PBXBuildFile; fileRef = 17736A501BF9AFEE00CF1F5F /* ContextFilterLogFormatter.m */; };
		17736A7C1BF9AFEE00CF1F5F /* DispatchQueueLogFormatter.m in Sources */ = {isa = PBXBuildFile; fileRef = 17736A521BF9AFEE00CF1F5F /* DispatchQueueLogFormatter.m */; };
		17736A7D1BF9AFEE00CF1F5F /* README.txt in Resources */ = {isa = PBXBuildFile; fileRef = 17736A531BF9AFEE00CF1F5F /* README.txt */; };
		17736A841BF9B06800CF1F5F /* libz.1.2.5.tbd in Frameworks */ = {isa = PBXBuildFile; fileRef = 17736A831BF9B06800CF1F5F /* libz.1.2.5.tbd */; };
		17736AA41BF9B8DA00CF1F5F /* ioapi.c in Sources */ = {isa = PBXBuildFile; fileRef = 17736A9A1BF9B8DA00CF1F5F /* ioapi.c */; };
		17736AA51BF9B8DA00CF1F5F /* mztools.c in Sources */ = {isa = PBXBuildFile; fileRef = 17736A9C1BF9B8DA00CF1F5F /* mztools.c */; };
		17736AA61BF9B8DA00CF1F5F /* unzip.c in Sources */ = {isa = PBXBuildFile; fileRef = 17736A9E1BF9B8DA00CF1F5F /* unzip.c */; };
		17736AA71BF9B8DA00CF1F5F /* zip.c in Sources */ = {isa = PBXBuildFile; fileRef = 17736AA01BF9B8DA00CF1F5F /* zip.c */; };
		17736AA81BF9B8DA00CF1F5F /* ZipArchive.mm in Sources */ = {isa = PBXBuildFile; fileRef = 17736AA31BF9B8DA00CF1F5F /* ZipArchive.mm */; settings = {COMPILER_FLAGS = "-fno-objc-arc"; }; };
		17736AB01BF9BB1600CF1F5F /* web in Resources */ = {isa = PBXBuildFile; fileRef = 17736AAF1BF9BB1600CF1F5F /* web */; };
		17736AB31BF9BE8600CF1F5F /* ConfigFileProcess.m in Sources */ = {isa = PBXBuildFile; fileRef = 17736AB21BF9BE8600CF1F5F /* ConfigFileProcess.m */; };
		17736ABF1BFADEF000CF1F5F /* EmptyViewController.m in Sources */ = {isa = PBXBuildFile; fileRef = 17736ABD1BFADEF000CF1F5F /* EmptyViewController.m */; };
		17736AC01BFADEF000CF1F5F /* EmptyViewController.xib in Resources */ = {isa = PBXBuildFile; fileRef = 17736ABE1BFADEF000CF1F5F /* EmptyViewController.xib */; };
		177986821B8D9CEE00AE0BF1 /* GCDAsyncSocket.m in Sources */ = {isa = PBXBuildFile; fileRef = 1779867D1B8D9CEE00AE0BF1 /* GCDAsyncSocket.m */; };
		177986831B8D9CEE00AE0BF1 /* GCDAsyncUdpSocket.m in Sources */ = {isa = PBXBuildFile; fileRef = 1779867F1B8D9CEE00AE0BF1 /* GCDAsyncUdpSocket.m */; };
		177F6B741BCE38440037BDE0 /* 杰立户型图.png in Resources */ = {isa = PBXBuildFile; fileRef = 177F6B731BCE38440037BDE0 /* 杰立户型图.png */; };
		178870E41BFC9061008B8F23 /* RoomInfo-Demo in Resources */ = {isa = PBXBuildFile; fileRef = 178870E31BFC9061008B8F23 /* RoomInfo-Demo */; };
		178CA9291BD48A160079EAFE /* BLCurtain2PanelView.xib in Resources */ = {isa = PBXBuildFile; fileRef = 178CA9281BD48A160079EAFE /* BLCurtain2PanelView.xib */; };
		178CA92C1BD4986C0079EAFE /* BLUISlider.m in Sources */ = {isa = PBXBuildFile; fileRef = 178CA92B1BD4986C0079EAFE /* BLUISlider.m */; };
		17BBA2A41C291E4200B1B32C /* ViewControllerContainer.m in Sources */ = {isa = PBXBuildFile; fileRef = 17BBA2A31C291E4200B1B32C /* ViewControllerContainer.m */; };
		17BBA2A81C2A3A6600B1B32C /* BLDimmingButton.m in Sources */ = {isa = PBXBuildFile; fileRef = 17BBA2A71C2A3A6600B1B32C /* BLDimmingButton.m */; };
		17BBA2AC1C2A3A9400B1B32C /* BLDimmingViewController.m in Sources */ = {isa = PBXBuildFile; fileRef = 17BBA2AA1C2A3A9400B1B32C /* BLDimmingViewController.m */; };
		17BBA2AD1C2A3A9400B1B32C /* BLDimmingViewController.xib in Resources */ = {isa = PBXBuildFile; fileRef = 17BBA2AB1C2A3A9400B1B32C /* BLDimmingViewController.xib */; };
		17BBA2B91C2A478600B1B32C /* BLDimming.m in Sources */ = {isa = PBXBuildFile; fileRef = 17BBA2B81C2A478600B1B32C /* BLDimming.m */; };
		17BBA2BD1C2A896B00B1B32C /* BLUICurtainButton.m in Sources */ = {isa = PBXBuildFile; fileRef = 17BBA2BC1C2A896B00B1B32C /* BLUICurtainButton.m */; };
		17BBA2C31C2A89CA00B1B32C /* BLCurtain.m in Sources */ = {isa = PBXBuildFile; fileRef = 17BBA2C21C2A89CA00B1B32C /* BLCurtain.m */; };
		17BBA2CC1C2A8A6D00B1B32C /* BLCurtainViewController.m in Sources */ = {isa = PBXBuildFile; fileRef = 17BBA2CA1C2A8A6D00B1B32C /* BLCurtainViewController.m */; };
		17BBA2CD1C2A8A6D00B1B32C /* BLCurtainViewController.xib in Resources */ = {isa = PBXBuildFile; fileRef = 17BBA2CB1C2A8A6D00B1B32C /* BLCurtainViewController.xib */; };
		17DA5F391B96F19D003532ED /* click1.mp3 in Resources */ = {isa = PBXBuildFile; fileRef = 17DA5F381B96F19D003532ED /* click1.mp3 */; };
		17DBAD081B74B03B00B26A83 /* main.m in Sources */ = {isa = PBXBuildFile; fileRef = 17DBAD071B74B03B00B26A83 /* main.m */; };
		17DBAD0B1B74B03B00B26A83 /* AppDelegate.m in Sources */ = {isa = PBXBuildFile; fileRef = 17DBAD0A1B74B03B00B26A83 /* AppDelegate.m */; };
		17DBAD0E1B74B03B00B26A83 /* ViewController.m in Sources */ = {isa = PBXBuildFile; fileRef = 17DBAD0D1B74B03B00B26A83 /* ViewController.m */; };
		17DBAD131B74B03B00B26A83 /* Images.xcassets in Resources */ = {isa = PBXBuildFile; fileRef = 17DBAD121B74B03B00B26A83 /* Images.xcassets */; };
		17DBAD161B74B03B00B26A83 /* LaunchScreen.xib in Resources */ = {isa = PBXBuildFile; fileRef = 17DBAD141B74B03B00B26A83 /* LaunchScreen.xib */; };
		17DBAD221B74B03B00B26A83 /* BLSmartPageViewDemoTests.m in Sources */ = {isa = PBXBuildFile; fileRef = 17DBAD211B74B03B00B26A83 /* BLSmartPageViewDemoTests.m */; };
		17DBAD371B74B81000B26A83 /* APPChildViewController.m in Sources */ = {isa = PBXBuildFile; fileRef = 17DBAD351B74B81000B26A83 /* APPChildViewController.m */; };
		17DD16511B75AC1200E0858C /* homeDemo.png in Resources */ = {isa = PBXBuildFile; fileRef = 17DD16501B75AC1200E0858C /* homeDemo.png */; };
		17DDCA0C1B787D6800AF415B /* 资源库 in Resources */ = {isa = PBXBuildFile; fileRef = 17DDCA0B1B787D6800AF415B /* 资源库 */; };
		17DDCA141B78B6E500AF415B /* PropertyConfigPhrase.m in Sources */ = {isa = PBXBuildFile; fileRef = 17DDCA131B78B6E500AF415B /* PropertyConfigPhrase.m */; };
		17FBA82D1C2B878700E9406D /* BLHeating.m in Sources */ = {isa = PBXBuildFile; fileRef = 17FBA82C1C2B878700E9406D /* BLHeating.m */; };
/* End PBXBuildFile section */

/* Begin PBXContainerItemProxy section */
		17DBAD1C1B74B03B00B26A83 /* PBXContainerItemProxy */ = {
			isa = PBXContainerItemProxy;
			containerPortal = 17DBACFA1B74B03B00B26A83 /* Project object */;
			proxyType = 1;
			remoteGlobalIDString = 17DBAD011B74B03B00B26A83;
			remoteInfo = BLSmartPageViewDemo;
		};
/* End PBXContainerItemProxy section */

/* Begin PBXFileReference section */
		171ED0CB1BA918F9006D3BAE /* RECommonFunctions.h */ = {isa = PBXFileReference; fileEncoding = 4; lastKnownFileType = sourcecode.c.h; name = RECommonFunctions.h; path = REMenu/RECommonFunctions.h; sourceTree = "<group>"; };
		171ED0CC1BA918F9006D3BAE /* RECommonFunctions.m */ = {isa = PBXFileReference; fileEncoding = 4; lastKnownFileType = sourcecode.c.objc; name = RECommonFunctions.m; path = REMenu/RECommonFunctions.m; sourceTree = "<group>"; };
		171ED0CD1BA918F9006D3BAE /* REMenu.h */ = {isa = PBXFileReference; fileEncoding = 4; lastKnownFileType = sourcecode.c.h; name = REMenu.h; path = REMenu/REMenu.h; sourceTree = "<group>"; };
		171ED0CE1BA918F9006D3BAE /* REMenu.m */ = {isa = PBXFileReference; fileEncoding = 4; lastKnownFileType = sourcecode.c.objc; name = REMenu.m; path = REMenu/REMenu.m; sourceTree = "<group>"; };
		171ED0CF1BA918F9006D3BAE /* REMenuContainerView.h */ = {isa = PBXFileReference; fileEncoding = 4; lastKnownFileType = sourcecode.c.h; name = REMenuContainerView.h; path = REMenu/REMenuContainerView.h; sourceTree = "<group>"; };
		171ED0D01BA918F9006D3BAE /* REMenuContainerView.m */ = {isa = PBXFileReference; fileEncoding = 4; lastKnownFileType = sourcecode.c.objc; name = REMenuContainerView.m; path = REMenu/REMenuContainerView.m; sourceTree = "<group>"; };
		171ED0D11BA918F9006D3BAE /* REMenuItem.h */ = {isa = PBXFileReference; fileEncoding = 4; lastKnownFileType = sourcecode.c.h; name = REMenuItem.h; path = REMenu/REMenuItem.h; sourceTree = "<group>"; };
		171ED0D21BA918F9006D3BAE /* REMenuItem.m */ = {isa = PBXFileReference; fileEncoding = 4; lastKnownFileType = sourcecode.c.objc; name = REMenuItem.m; path = REMenu/REMenuItem.m; sourceTree = "<group>"; };
		171ED0D31BA918F9006D3BAE /* REMenuItemView.h */ = {isa = PBXFileReference; fileEncoding = 4; lastKnownFileType = sourcecode.c.h; name = REMenuItemView.h; path = REMenu/REMenuItemView.h; sourceTree = "<group>"; };
		171ED0D41BA918F9006D3BAE /* REMenuItemView.m */ = {isa = PBXFileReference; fileEncoding = 4; lastKnownFileType = sourcecode.c.objc; name = REMenuItemView.m; path = REMenu/REMenuItemView.m; sourceTree = "<group>"; };
		171ED0DA1BA9196D006D3BAE /* UIKit.framework */ = {isa = PBXFileReference; lastKnownFileType = wrapper.framework; name = UIKit.framework; path = System/Library/Frameworks/UIKit.framework; sourceTree = SDKROOT; };
		171ED0DC1BA91999006D3BAE /* Foundation.framework */ = {isa = PBXFileReference; lastKnownFileType = wrapper.framework; name = Foundation.framework; path = System/Library/Frameworks/Foundation.framework; sourceTree = SDKROOT; };
		171ED0DE1BA91A08006D3BAE /* CoreGraphics.framework */ = {isa = PBXFileReference; lastKnownFileType = wrapper.framework; name = CoreGraphics.framework; path = System/Library/Frameworks/CoreGraphics.framework; sourceTree = SDKROOT; };
		171ED0E11BA952AD006D3BAE /* BLRootNavigationController.h */ = {isa = PBXFileReference; fileEncoding = 4; lastKnownFileType = sourcecode.c.h; path = BLRootNavigationController.h; sourceTree = "<group>"; };
		171ED0E21BA952AD006D3BAE /* BLRootNavigationController.m */ = {isa = PBXFileReference; fileEncoding = 4; lastKnownFileType = sourcecode.c.objc; path = BLRootNavigationController.m; sourceTree = "<group>"; };
		172168071BABDF700065A213 /* GlobalMacro.h */ = {isa = PBXFileReference; lastKnownFileType = sourcecode.c.h; path = GlobalMacro.h; sourceTree = "<group>"; };
		1721680B1BABE6980065A213 /* BLUIPageJumpButton.h */ = {isa = PBXFileReference; fileEncoding = 4; lastKnownFileType = sourcecode.c.h; name = BLUIPageJumpButton.h; path = BLCustomClass/BLUIPageJumpButton.h; sourceTree = "<group>"; };
		1721680C1BABE6980065A213 /* BLUIPageJumpButton.m */ = {isa = PBXFileReference; fileEncoding = 4; lastKnownFileType = sourcecode.c.objc; name = BLUIPageJumpButton.m; path = BLCustomClass/BLUIPageJumpButton.m; sourceTree = "<group>"; };
		1721680D1BABE6980065A213 /* BLUISceneButton.h */ = {isa = PBXFileReference; fileEncoding = 4; lastKnownFileType = sourcecode.c.h; name = BLUISceneButton.h; path = BLCustomClass/BLUISceneButton.h; sourceTree = "<group>"; };
		1721680E1BABE6980065A213 /* BLUISceneButton.m */ = {isa = PBXFileReference; fileEncoding = 4; lastKnownFileType = sourcecode.c.objc; name = BLUISceneButton.m; path = BLCustomClass/BLUISceneButton.m; sourceTree = "<group>"; };
		1721680F1BABE6980065A213 /* BLUISwitch.h */ = {isa = PBXFileReference; fileEncoding = 4; lastKnownFileType = sourcecode.c.h; name = BLUISwitch.h; path = BLCustomClass/BLUISwitch.h; sourceTree = "<group>"; };
		172168101BABE6980065A213 /* BLUISwitch.m */ = {isa = PBXFileReference; fileEncoding = 4; lastKnownFileType = sourcecode.c.objc; name = BLUISwitch.m; path = BLCustomClass/BLUISwitch.m; sourceTree = "<group>"; };
		172168111BABE6980065A213 /* NSMutableArray+QueueStack.h */ = {isa = PBXFileReference; fileEncoding = 4; lastKnownFileType = sourcecode.c.h; name = "NSMutableArray+QueueStack.h"; path = "BLCustomClass/NSMutableArray+QueueStack.h"; sourceTree = "<group>"; };
		172168121BABE6980065A213 /* NSMutableArray+QueueStack.m */ = {isa = PBXFileReference; fileEncoding = 4; lastKnownFileType = sourcecode.c.objc; name = "NSMutableArray+QueueStack.m"; path = "BLCustomClass/NSMutableArray+QueueStack.m"; sourceTree = "<group>"; };
		1721681A1BABE6D90065A213 /* BLUIACButton.h */ = {isa = PBXFileReference; fileEncoding = 4; lastKnownFileType = sourcecode.c.h; name = BLUIACButton.h; path = BLCustomClass/BLUIACButton.h; sourceTree = "<group>"; };
		1721681B1BABE6D90065A213 /* BLUIACButton.m */ = {isa = PBXFileReference; fileEncoding = 4; lastKnownFileType = sourcecode.c.objc; name = BLUIACButton.m; path = BLCustomClass/BLUIACButton.m; sourceTree = "<group>"; };
		1721681F1BABE6EA0065A213 /* BLCurtain2ViewController.h */ = {isa = PBXFileReference; fileEncoding = 4; lastKnownFileType = sourcecode.c.h; name = BLCurtain2ViewController.h; path = BLCustomClass/BLCurtain2ViewController.h; sourceTree = "<group>"; };
		172168201BABE6EA0065A213 /* BLCurtain2ViewController.m */ = {isa = PBXFileReference; fileEncoding = 4; lastKnownFileType = sourcecode.c.objc; name = BLCurtain2ViewController.m; path = BLCustomClass/BLCurtain2ViewController.m; sourceTree = "<group>"; };
		172168221BABE6EA0065A213 /* BLUICurtain2Button.h */ = {isa = PBXFileReference; fileEncoding = 4; lastKnownFileType = sourcecode.c.h; name = BLUICurtain2Button.h; path = BLCustomClass/BLUICurtain2Button.h; sourceTree = "<group>"; };
		172168231BABE6EA0065A213 /* BLUICurtain2Button.m */ = {isa = PBXFileReference; fileEncoding = 4; lastKnownFileType = sourcecode.c.objc; name = BLUICurtain2Button.m; path = BLCustomClass/BLUICurtain2Button.m; sourceTree = "<group>"; };
		172A19641BD0BD820099C97E /* BLACViewController.h */ = {isa = PBXFileReference; fileEncoding = 4; lastKnownFileType = sourcecode.c.h; name = BLACViewController.h; path = BLCustomClass/BLACViewController.h; sourceTree = "<group>"; };
		172A19651BD0BD820099C97E /* BLACViewController.m */ = {isa = PBXFileReference; fileEncoding = 4; lastKnownFileType = sourcecode.c.objc; name = BLACViewController.m; path = BLCustomClass/BLACViewController.m; sourceTree = "<group>"; };
		172A196F1BD0CBCE0099C97E /* BLACView.h */ = {isa = PBXFileReference; fileEncoding = 4; lastKnownFileType = sourcecode.c.h; name = BLACView.h; path = BLCustomClass/BLACView.h; sourceTree = "<group>"; };
		172A19701BD0CBCE0099C97E /* BLACView.m */ = {isa = PBXFileReference; fileEncoding = 4; lastKnownFileType = sourcecode.c.objc; name = BLACView.m; path = BLCustomClass/BLACView.m; sourceTree = "<group>"; };
		172A19741BD0EC8B0099C97E /* BLACPanelView.xib */ = {isa = PBXFileReference; fileEncoding = 4; lastKnownFileType = file.xib; name = BLACPanelView.xib; path = BLCustomClass/BLACPanelView.xib; sourceTree = "<group>"; };
		172A19761BD0F9B50099C97E /* BLUILabel.h */ = {isa = PBXFileReference; fileEncoding = 4; lastKnownFileType = sourcecode.c.h; name = BLUILabel.h; path = BLCustomClass/BLUILabel.h; sourceTree = "<group>"; };
		172A19771BD0F9B50099C97E /* BLUILabel.m */ = {isa = PBXFileReference; fileEncoding = 4; lastKnownFileType = sourcecode.c.objc; name = BLUILabel.m; path = BLCustomClass/BLUILabel.m; sourceTree = "<group>"; };
		172A19791BD0FB950099C97E /* BLUIImageView.h */ = {isa = PBXFileReference; fileEncoding = 4; lastKnownFileType = sourcecode.c.h; name = BLUIImageView.h; path = BLCustomClass/BLUIImageView.h; sourceTree = "<group>"; };
		172A197A1BD0FB950099C97E /* BLUIImageView.m */ = {isa = PBXFileReference; fileEncoding = 4; lastKnownFileType = sourcecode.c.objc; name = BLUIImageView.m; path = BLCustomClass/BLUIImageView.m; sourceTree = "<group>"; };
		176124C31BB9415C006A8A83 /* BLGCDKNXTunnellingAsyncUdpSocket.h */ = {isa = PBXFileReference; fileEncoding = 4; lastKnownFileType = sourcecode.c.h; name = BLGCDKNXTunnellingAsyncUdpSocket.h; path = BLGCDKNXAsyncSocket/BLGCDKNXTunnellingAsyncUdpSocket.h; sourceTree = "<group>"; };
		176124C41BB9415C006A8A83 /* BLGCDKNXTunnellingAsyncUdpSocket.m */ = {isa = PBXFileReference; fileEncoding = 4; lastKnownFileType = sourcecode.c.objc; name = BLGCDKNXTunnellingAsyncUdpSocket.m; path = BLGCDKNXAsyncSocket/BLGCDKNXTunnellingAsyncUdpSocket.m; sourceTree = "<group>"; };
		17619CFD1BB295AD00389414 /* Icon_Activity.png */ = {isa = PBXFileReference; lastKnownFileType = image.png; path = Icon_Activity.png; sourceTree = "<group>"; };
		17619CFE1BB295AD00389414 /* Icon_Activity@2x.png */ = {isa = PBXFileReference; lastKnownFileType = image.png; path = "Icon_Activity@2x.png"; sourceTree = "<group>"; };
		17619D0B1BB3CD8400389414 /* BLPadSettingViewController.h */ = {isa = PBXFileReference; fileEncoding = 4; lastKnownFileType = sourcecode.c.h; name = BLPadSettingViewController.h; path = BLCustomClass/BLPadSettingViewController.h; sourceTree = "<group>"; };
		17619D0C1BB3CD8400389414 /* BLPadSettingViewController.m */ = {isa = PBXFileReference; fileEncoding = 4; lastKnownFileType = sourcecode.c.objc; name = BLPadSettingViewController.m; path = BLCustomClass/BLPadSettingViewController.m; sourceTree = "<group>"; };
		17619D101BB3E62600389414 /* BLPadSettingViewController.xib */ = {isa = PBXFileReference; fileEncoding = 4; lastKnownFileType = file.xib; name = BLPadSettingViewController.xib; path = BLCustomClass/BLPadSettingViewController.xib; sourceTree = "<group>"; };
		17619D121BB5328B00389414 /* BLSettingData.h */ = {isa = PBXFileReference; fileEncoding = 4; lastKnownFileType = sourcecode.c.h; path = BLSettingData.h; sourceTree = "<group>"; };
		17619D131BB5328B00389414 /* BLSettingData.m */ = {isa = PBXFileReference; fileEncoding = 4; lastKnownFileType = sourcecode.c.objc; path = BLSettingData.m; sourceTree = "<group>"; };
		1762F52D1B92D29E00B4EBE7 /* Utils.h */ = {isa = PBXFileReference; fileEncoding = 4; lastKnownFileType = sourcecode.c.h; path = Utils.h; sourceTree = "<group>"; };
		1762F52E1B92D29E00B4EBE7 /* Utils.m */ = {isa = PBXFileReference; fileEncoding = 4; lastKnownFileType = sourcecode.c.objc; path = Utils.m; sourceTree = "<group>"; };
		1769F0931C28EDD400D0AB42 /* BLUIHeatingButton.h */ = {isa = PBXFileReference; fileEncoding = 4; lastKnownFileType = sourcecode.c.h; name = BLUIHeatingButton.h; path = BLCustomClass/BLUIHeatingButton.h; sourceTree = "<group>"; };
		1769F0941C28EDD400D0AB42 /* BLUIHeatingButton.m */ = {isa = PBXFileReference; fileEncoding = 4; lastKnownFileType = sourcecode.c.objc; name = BLUIHeatingButton.m; path = BLCustomClass/BLUIHeatingButton.m; sourceTree = "<group>"; };
		1769F0991C28FEB000D0AB42 /* BLHeatingViewController.h */ = {isa = PBXFileReference; fileEncoding = 4; lastKnownFileType = sourcecode.c.h; name = BLHeatingViewController.h; path = BLCustomClass/BLHeatingViewController.h; sourceTree = "<group>"; };
		1769F09A1C28FEB000D0AB42 /* BLHeatingViewController.m */ = {isa = PBXFileReference; fileEncoding = 4; lastKnownFileType = sourcecode.c.objc; name = BLHeatingViewController.m; path = BLCustomClass/BLHeatingViewController.m; sourceTree = "<group>"; };
		1769F09B1C28FEB000D0AB42 /* BLHeatingViewController.xib */ = {isa = PBXFileReference; fileEncoding = 4; lastKnownFileType = file.xib; name = BLHeatingViewController.xib; path = BLCustomClass/BLHeatingViewController.xib; sourceTree = "<group>"; };
		17736A081BF9AF0000CF1F5F /* ZipArchive */ = {isa = PBXFileReference; lastKnownFileType = folder; name = ZipArchive; path = /Users/landyu/Work/xcode/xcode/iPAD/BLSmartPageViewDemo/ZipArchive; sourceTree = "<absolute>"; };
		17736A151BF9AFEE00CF1F5F /* DDData.h */ = {isa = PBXFileReference; fileEncoding = 4; lastKnownFileType = sourcecode.c.h; path = DDData.h; sourceTree = "<group>"; };
		17736A161BF9AFEE00CF1F5F /* DDData.m */ = {isa = PBXFileReference; fileEncoding = 4; lastKnownFileType = sourcecode.c.objc; path = DDData.m; sourceTree = "<group>"; };
		17736A171BF9AFEE00CF1F5F /* DDNumber.h */ = {isa = PBXFileReference; fileEncoding = 4; lastKnownFileType = sourcecode.c.h; path = DDNumber.h; sourceTree = "<group>"; };
		17736A181BF9AFEE00CF1F5F /* DDNumber.m */ = {isa = PBXFileReference; fileEncoding = 4; lastKnownFileType = sourcecode.c.objc; path = DDNumber.m; sourceTree = "<group>"; };
		17736A191BF9AFEE00CF1F5F /* DDRange.h */ = {isa = PBXFileReference; fileEncoding = 4; lastKnownFileType = sourcecode.c.h; path = DDRange.h; sourceTree = "<group>"; };
		17736A1A1BF9AFEE00CF1F5F /* DDRange.m */ = {isa = PBXFileReference; fileEncoding = 4; lastKnownFileType = sourcecode.c.objc; path = DDRange.m; sourceTree = "<group>"; };
		17736A1B1BF9AFEE00CF1F5F /* HTTPAuthenticationRequest.h */ = {isa = PBXFileReference; fileEncoding = 4; lastKnownFileType = sourcecode.c.h; path = HTTPAuthenticationRequest.h; sourceTree = "<group>"; };
		17736A1C1BF9AFEE00CF1F5F /* HTTPAuthenticationRequest.m */ = {isa = PBXFileReference; fileEncoding = 4; lastKnownFileType = sourcecode.c.objc; path = HTTPAuthenticationRequest.m; sourceTree = "<group>"; };
		17736A1D1BF9AFEE00CF1F5F /* HTTPConnection.h */ = {isa = PBXFileReference; fileEncoding = 4; lastKnownFileType = sourcecode.c.h; path = HTTPConnection.h; sourceTree = "<group>"; };
		17736A1E1BF9AFEE00CF1F5F /* HTTPConnection.m */ = {isa = PBXFileReference; fileEncoding = 4; lastKnownFileType = sourcecode.c.objc; path = HTTPConnection.m; sourceTree = "<group>"; };
		17736A1F1BF9AFEE00CF1F5F /* HTTPLogging.h */ = {isa = PBXFileReference; fileEncoding = 4; lastKnownFileType = sourcecode.c.h; path = HTTPLogging.h; sourceTree = "<group>"; };
		17736A201BF9AFEE00CF1F5F /* HTTPMessage.h */ = {isa = PBXFileReference; fileEncoding = 4; lastKnownFileType = sourcecode.c.h; path = HTTPMessage.h; sourceTree = "<group>"; };
		17736A211BF9AFEE00CF1F5F /* HTTPMessage.m */ = {isa = PBXFileReference; fileEncoding = 4; lastKnownFileType = sourcecode.c.objc; path = HTTPMessage.m; sourceTree = "<group>"; };
		17736A221BF9AFEE00CF1F5F /* HTTPResponse.h */ = {isa = PBXFileReference; fileEncoding = 4; lastKnownFileType = sourcecode.c.h; path = HTTPResponse.h; sourceTree = "<group>"; };
		17736A231BF9AFEE00CF1F5F /* HTTPServer.h */ = {isa = PBXFileReference; fileEncoding = 4; lastKnownFileType = sourcecode.c.h; path = HTTPServer.h; sourceTree = "<group>"; };
		17736A241BF9AFEE00CF1F5F /* HTTPServer.m */ = {isa = PBXFileReference; fileEncoding = 4; lastKnownFileType = sourcecode.c.objc; path = HTTPServer.m; sourceTree = "<group>"; };
		17736A261BF9AFEE00CF1F5F /* MultipartFormDataParser.h */ = {isa = PBXFileReference; fileEncoding = 4; lastKnownFileType = sourcecode.c.h; path = MultipartFormDataParser.h; sourceTree = "<group>"; };
		17736A271BF9AFEE00CF1F5F /* MultipartFormDataParser.m */ = {isa = PBXFileReference; fileEncoding = 4; lastKnownFileType = sourcecode.c.objc; path = MultipartFormDataParser.m; sourceTree = "<group>"; };
		17736A281BF9AFEE00CF1F5F /* MultipartMessageHeader.h */ = {isa = PBXFileReference; fileEncoding = 4; lastKnownFileType = sourcecode.c.h; path = MultipartMessageHeader.h; sourceTree = "<group>"; };
		17736A291BF9AFEE00CF1F5F /* MultipartMessageHeader.m */ = {isa = PBXFileReference; fileEncoding = 4; lastKnownFileType = sourcecode.c.objc; path = MultipartMessageHeader.m; sourceTree = "<group>"; };
		17736A2A1BF9AFEE00CF1F5F /* MultipartMessageHeaderField.h */ = {isa = PBXFileReference; fileEncoding = 4; lastKnownFileType = sourcecode.c.h; path = MultipartMessageHeaderField.h; sourceTree = "<group>"; };
		17736A2B1BF9AFEE00CF1F5F /* MultipartMessageHeaderField.m */ = {isa = PBXFileReference; fileEncoding = 4; lastKnownFileType = sourcecode.c.objc; path = MultipartMessageHeaderField.m; sourceTree = "<group>"; };
		17736A2D1BF9AFEE00CF1F5F /* HTTPAsyncFileResponse.h */ = {isa = PBXFileReference; fileEncoding = 4; lastKnownFileType = sourcecode.c.h; path = HTTPAsyncFileResponse.h; sourceTree = "<group>"; };
		17736A2E1BF9AFEE00CF1F5F /* HTTPAsyncFileResponse.m */ = {isa = PBXFileReference; fileEncoding = 4; lastKnownFileType = sourcecode.c.objc; path = HTTPAsyncFileResponse.m; sourceTree = "<group>"; };
		17736A2F1BF9AFEE00CF1F5F /* HTTPDataResponse.h */ = {isa = PBXFileReference; fileEncoding = 4; lastKnownFileType = sourcecode.c.h; path = HTTPDataResponse.h; sourceTree = "<group>"; };
		17736A301BF9AFEE00CF1F5F /* HTTPDataResponse.m */ = {isa = PBXFileReference; fileEncoding = 4; lastKnownFileType = sourcecode.c.objc; path = HTTPDataResponse.m; sourceTree = "<group>"; };
		17736A311BF9AFEE00CF1F5F /* HTTPDynamicFileResponse.h */ = {isa = PBXFileReference; fileEncoding = 4; lastKnownFileType = sourcecode.c.h; path = HTTPDynamicFileResponse.h; sourceTree = "<group>"; };
		17736A321BF9AFEE00CF1F5F /* HTTPDynamicFileResponse.m */ = {isa = PBXFileReference; fileEncoding = 4; lastKnownFileType = sourcecode.c.objc; path = HTTPDynamicFileResponse.m; sourceTree = "<group>"; };
		17736A331BF9AFEE00CF1F5F /* HTTPErrorResponse.h */ = {isa = PBXFileReference; fileEncoding = 4; lastKnownFileType = sourcecode.c.h; path = HTTPErrorResponse.h; sourceTree = "<group>"; };
		17736A341BF9AFEE00CF1F5F /* HTTPErrorResponse.m */ = {isa = PBXFileReference; fileEncoding = 4; lastKnownFileType = sourcecode.c.objc; path = HTTPErrorResponse.m; sourceTree = "<group>"; };
		17736A351BF9AFEE00CF1F5F /* HTTPFileResponse.h */ = {isa = PBXFileReference; fileEncoding = 4; lastKnownFileType = sourcecode.c.h; path = HTTPFileResponse.h; sourceTree = "<group>"; };
		17736A361BF9AFEE00CF1F5F /* HTTPFileResponse.m */ = {isa = PBXFileReference; fileEncoding = 4; lastKnownFileType = sourcecode.c.objc; path = HTTPFileResponse.m; sourceTree = "<group>"; };
		17736A371BF9AFEE00CF1F5F /* HTTPRedirectResponse.h */ = {isa = PBXFileReference; fileEncoding = 4; lastKnownFileType = sourcecode.c.h; path = HTTPRedirectResponse.h; sourceTree = "<group>"; };
		17736A381BF9AFEE00CF1F5F /* HTTPRedirectResponse.m */ = {isa = PBXFileReference; fileEncoding = 4; lastKnownFileType = sourcecode.c.objc; path = HTTPRedirectResponse.m; sourceTree = "<group>"; };
		17736A391BF9AFEE00CF1F5F /* WebSocket.h */ = {isa = PBXFileReference; fileEncoding = 4; lastKnownFileType = sourcecode.c.h; path = WebSocket.h; sourceTree = "<group>"; };
		17736A3A1BF9AFEE00CF1F5F /* WebSocket.m */ = {isa = PBXFileReference; fileEncoding = 4; lastKnownFileType = sourcecode.c.objc; path = WebSocket.m; sourceTree = "<group>"; };
		17736A3C1BF9AFEE00CF1F5F /* MyHTTPConnection.h */ = {isa = PBXFileReference; fileEncoding = 4; lastKnownFileType = sourcecode.c.h; path = MyHTTPConnection.h; sourceTree = "<group>"; };
		17736A3D1BF9AFEE00CF1F5F /* MyHTTPConnection.m */ = {isa = PBXFileReference; fileEncoding = 4; lastKnownFileType = sourcecode.c.objc; path = MyHTTPConnection.m; sourceTree = "<group>"; };
		17736A3F1BF9AFEE00CF1F5F /* index.html */ = {isa = PBXFileReference; fileEncoding = 4; lastKnownFileType = text.html; path = index.html; sourceTree = "<group>"; };
		17736A401BF9AFEE00CF1F5F /* upload.html */ = {isa = PBXFileReference; fileEncoding = 4; lastKnownFileType = text.html; path = upload.html; sourceTree = "<group>"; };
		17736A431BF9AFEE00CF1F5F /* About.txt */ = {isa = PBXFileReference; fileEncoding = 4; lastKnownFileType = text; path = About.txt; sourceTree = "<group>"; };
		17736A441BF9AFEE00CF1F5F /* DDAbstractDatabaseLogger.h */ = {isa = PBXFileReference; fileEncoding = 4; lastKnownFileType = sourcecode.c.h; path = DDAbstractDatabaseLogger.h; sourceTree = "<group>"; };
		17736A451BF9AFEE00CF1F5F /* DDAbstractDatabaseLogger.m */ = {isa = PBXFileReference; fileEncoding = 4; lastKnownFileType = sourcecode.c.objc; path = DDAbstractDatabaseLogger.m; sourceTree = "<group>"; };
		17736A461BF9AFEE00CF1F5F /* DDASLLogger.h */ = {isa = PBXFileReference; fileEncoding = 4; lastKnownFileType = sourcecode.c.h; path = DDASLLogger.h; sourceTree = "<group>"; };
		17736A471BF9AFEE00CF1F5F /* DDASLLogger.m */ = {isa = PBXFileReference; fileEncoding = 4; lastKnownFileType = sourcecode.c.objc; path = DDASLLogger.m; sourceTree = "<group>"; };
		17736A481BF9AFEE00CF1F5F /* DDFileLogger.h */ = {isa = PBXFileReference; fileEncoding = 4; lastKnownFileType = sourcecode.c.h; path = DDFileLogger.h; sourceTree = "<group>"; };
		17736A491BF9AFEE00CF1F5F /* DDFileLogger.m */ = {isa = PBXFileReference; fileEncoding = 4; lastKnownFileType = sourcecode.c.objc; path = DDFileLogger.m; sourceTree = "<group>"; };
		17736A4A1BF9AFEE00CF1F5F /* DDLog.h */ = {isa = PBXFileReference; fileEncoding = 4; lastKnownFileType = sourcecode.c.h; path = DDLog.h; sourceTree = "<group>"; };
		17736A4B1BF9AFEE00CF1F5F /* DDLog.m */ = {isa = PBXFileReference; fileEncoding = 4; lastKnownFileType = sourcecode.c.objc; path = DDLog.m; sourceTree = "<group>"; };
		17736A4C1BF9AFEE00CF1F5F /* DDTTYLogger.h */ = {isa = PBXFileReference; fileEncoding = 4; lastKnownFileType = sourcecode.c.h; path = DDTTYLogger.h; sourceTree = "<group>"; };
		17736A4D1BF9AFEE00CF1F5F /* DDTTYLogger.m */ = {isa = PBXFileReference; fileEncoding = 4; lastKnownFileType = sourcecode.c.objc; path = DDTTYLogger.m; sourceTree = "<group>"; };
		17736A4F1BF9AFEE00CF1F5F /* ContextFilterLogFormatter.h */ = {isa = PBXFileReference; fileEncoding = 4; lastKnownFileType = sourcecode.c.h; path = ContextFilterLogFormatter.h; sourceTree = "<group>"; };
		17736A501BF9AFEE00CF1F5F /* ContextFilterLogFormatter.m */ = {isa = PBXFileReference; fileEncoding = 4; lastKnownFileType = sourcecode.c.objc; path = ContextFilterLogFormatter.m; sourceTree = "<group>"; };
		17736A511BF9AFEE00CF1F5F /* DispatchQueueLogFormatter.h */ = {isa = PBXFileReference; fileEncoding = 4; lastKnownFileType = sourcecode.c.h; path = DispatchQueueLogFormatter.h; sourceTree = "<group>"; };
		17736A521BF9AFEE00CF1F5F /* DispatchQueueLogFormatter.m */ = {isa = PBXFileReference; fileEncoding = 4; lastKnownFileType = sourcecode.c.objc; path = DispatchQueueLogFormatter.m; sourceTree = "<group>"; };
		17736A531BF9AFEE00CF1F5F /* README.txt */ = {isa = PBXFileReference; fileEncoding = 4; lastKnownFileType = text; path = README.txt; sourceTree = "<group>"; };
		17736A831BF9B06800CF1F5F /* libz.1.2.5.tbd */ = {isa = PBXFileReference; lastKnownFileType = "sourcecode.text-based-dylib-definition"; name = libz.1.2.5.tbd; path = usr/lib/libz.1.2.5.tbd; sourceTree = SDKROOT; };
		17736A991BF9B8DA00CF1F5F /* crypt.h */ = {isa = PBXFileReference; fileEncoding = 4; lastKnownFileType = sourcecode.c.h; path = crypt.h; sourceTree = "<group>"; };
		17736A9A1BF9B8DA00CF1F5F /* ioapi.c */ = {isa = PBXFileReference; fileEncoding = 4; lastKnownFileType = sourcecode.c.c; path = ioapi.c; sourceTree = "<group>"; };
		17736A9B1BF9B8DA00CF1F5F /* ioapi.h */ = {isa = PBXFileReference; fileEncoding = 4; lastKnownFileType = sourcecode.c.h; path = ioapi.h; sourceTree = "<group>"; };
		17736A9C1BF9B8DA00CF1F5F /* mztools.c */ = {isa = PBXFileReference; fileEncoding = 4; lastKnownFileType = sourcecode.c.c; path = mztools.c; sourceTree = "<group>"; };
		17736A9D1BF9B8DA00CF1F5F /* mztools.h */ = {isa = PBXFileReference; fileEncoding = 4; lastKnownFileType = sourcecode.c.h; path = mztools.h; sourceTree = "<group>"; };
		17736A9E1BF9B8DA00CF1F5F /* unzip.c */ = {isa = PBXFileReference; fileEncoding = 4; lastKnownFileType = sourcecode.c.c; path = unzip.c; sourceTree = "<group>"; };
		17736A9F1BF9B8DA00CF1F5F /* unzip.h */ = {isa = PBXFileReference; fileEncoding = 4; lastKnownFileType = sourcecode.c.h; path = unzip.h; sourceTree = "<group>"; };
		17736AA01BF9B8DA00CF1F5F /* zip.c */ = {isa = PBXFileReference; fileEncoding = 4; lastKnownFileType = sourcecode.c.c; path = zip.c; sourceTree = "<group>"; };
		17736AA11BF9B8DA00CF1F5F /* zip.h */ = {isa = PBXFileReference; fileEncoding = 4; lastKnownFileType = sourcecode.c.h; path = zip.h; sourceTree = "<group>"; };
		17736AA21BF9B8DA00CF1F5F /* ZipArchive.h */ = {isa = PBXFileReference; fileEncoding = 4; lastKnownFileType = sourcecode.c.h; path = ZipArchive.h; sourceTree = "<group>"; };
		17736AA31BF9B8DA00CF1F5F /* ZipArchive.mm */ = {isa = PBXFileReference; fileEncoding = 4; lastKnownFileType = sourcecode.cpp.objcpp; path = ZipArchive.mm; sourceTree = "<group>"; };
		17736AAF1BF9BB1600CF1F5F /* web */ = {isa = PBXFileReference; lastKnownFileType = folder; name = web; path = SimpleFileUploadServer/web; sourceTree = "<group>"; };
		17736AB11BF9BE8600CF1F5F /* ConfigFileProcess.h */ = {isa = PBXFileReference; fileEncoding = 4; lastKnownFileType = sourcecode.c.h; path = ConfigFileProcess.h; sourceTree = "<group>"; };
		17736AB21BF9BE8600CF1F5F /* ConfigFileProcess.m */ = {isa = PBXFileReference; fileEncoding = 4; lastKnownFileType = sourcecode.c.objc; path = ConfigFileProcess.m; sourceTree = "<group>"; };
		17736ABC1BFADEF000CF1F5F /* EmptyViewController.h */ = {isa = PBXFileReference; fileEncoding = 4; lastKnownFileType = sourcecode.c.h; path = EmptyViewController.h; sourceTree = "<group>"; };
		17736ABD1BFADEF000CF1F5F /* EmptyViewController.m */ = {isa = PBXFileReference; fileEncoding = 4; lastKnownFileType = sourcecode.c.objc; path = EmptyViewController.m; sourceTree = "<group>"; };
		17736ABE1BFADEF000CF1F5F /* EmptyViewController.xib */ = {isa = PBXFileReference; fileEncoding = 4; lastKnownFileType = file.xib; path = EmptyViewController.xib; sourceTree = "<group>"; };
		1779867C1B8D9CEE00AE0BF1 /* GCDAsyncSocket.h */ = {isa = PBXFileReference; fileEncoding = 4; lastKnownFileType = sourcecode.c.h; path = GCDAsyncSocket.h; sourceTree = "<group>"; };
		1779867D1B8D9CEE00AE0BF1 /* GCDAsyncSocket.m */ = {isa = PBXFileReference; fileEncoding = 4; lastKnownFileType = sourcecode.c.objc; path = GCDAsyncSocket.m; sourceTree = "<group>"; };
		1779867E1B8D9CEE00AE0BF1 /* GCDAsyncUdpSocket.h */ = {isa = PBXFileReference; fileEncoding = 4; lastKnownFileType = sourcecode.c.h; path = GCDAsyncUdpSocket.h; sourceTree = "<group>"; };
		1779867F1B8D9CEE00AE0BF1 /* GCDAsyncUdpSocket.m */ = {isa = PBXFileReference; fileEncoding = 4; lastKnownFileType = sourcecode.c.objc; path = GCDAsyncUdpSocket.m; sourceTree = "<group>"; };
		177F6B731BCE38440037BDE0 /* 杰立户型图.png */ = {isa = PBXFileReference; lastKnownFileType = image.png; name = "杰立户型图.png"; path = "../../../../../../Downloads/杰立户型图.png"; sourceTree = "<group>"; };
		178870E31BFC9061008B8F23 /* RoomInfo-Demo */ = {isa = PBXFileReference; lastKnownFileType = folder; path = "RoomInfo-Demo"; sourceTree = "<group>"; };
		178CA9281BD48A160079EAFE /* BLCurtain2PanelView.xib */ = {isa = PBXFileReference; fileEncoding = 4; lastKnownFileType = file.xib; name = BLCurtain2PanelView.xib; path = BLCustomClass/BLCurtain2PanelView.xib; sourceTree = "<group>"; };
		178CA92A1BD4986C0079EAFE /* BLUISlider.h */ = {isa = PBXFileReference; fileEncoding = 4; lastKnownFileType = sourcecode.c.h; name = BLUISlider.h; path = BLCustomClass/BLUISlider.h; sourceTree = "<group>"; };
		178CA92B1BD4986C0079EAFE /* BLUISlider.m */ = {isa = PBXFileReference; fileEncoding = 4; lastKnownFileType = sourcecode.c.objc; name = BLUISlider.m; path = BLCustomClass/BLUISlider.m; sourceTree = "<group>"; };
		17BBA2A21C291E4200B1B32C /* ViewControllerContainer.h */ = {isa = PBXFileReference; fileEncoding = 4; lastKnownFileType = sourcecode.c.h; path = ViewControllerContainer.h; sourceTree = "<group>"; };
		17BBA2A31C291E4200B1B32C /* ViewControllerContainer.m */ = {isa = PBXFileReference; fileEncoding = 4; lastKnownFileType = sourcecode.c.objc; path = ViewControllerContainer.m; sourceTree = "<group>"; };
		17BBA2A61C2A3A6600B1B32C /* BLDimmingButton.h */ = {isa = PBXFileReference; fileEncoding = 4; lastKnownFileType = sourcecode.c.h; name = BLDimmingButton.h; path = BLCustomClass/BLDimmingButton.h; sourceTree = "<group>"; };
		17BBA2A71C2A3A6600B1B32C /* BLDimmingButton.m */ = {isa = PBXFileReference; fileEncoding = 4; lastKnownFileType = sourcecode.c.objc; name = BLDimmingButton.m; path = BLCustomClass/BLDimmingButton.m; sourceTree = "<group>"; };
		17BBA2A91C2A3A9400B1B32C /* BLDimmingViewController.h */ = {isa = PBXFileReference; fileEncoding = 4; lastKnownFileType = sourcecode.c.h; name = BLDimmingViewController.h; path = BLCustomClass/BLDimmingViewController.h; sourceTree = "<group>"; };
		17BBA2AA1C2A3A9400B1B32C /* BLDimmingViewController.m */ = {isa = PBXFileReference; fileEncoding = 4; lastKnownFileType = sourcecode.c.objc; name = BLDimmingViewController.m; path = BLCustomClass/BLDimmingViewController.m; sourceTree = "<group>"; };
		17BBA2AB1C2A3A9400B1B32C /* BLDimmingViewController.xib */ = {isa = PBXFileReference; fileEncoding = 4; lastKnownFileType = file.xib; name = BLDimmingViewController.xib; path = BLCustomClass/BLDimmingViewController.xib; sourceTree = "<group>"; };
		17BBA2B71C2A478600B1B32C /* BLDimming.h */ = {isa = PBXFileReference; fileEncoding = 4; lastKnownFileType = sourcecode.c.h; name = BLDimming.h; path = BLCustomClass/BLDimming.h; sourceTree = "<group>"; };
		17BBA2B81C2A478600B1B32C /* BLDimming.m */ = {isa = PBXFileReference; fileEncoding = 4; lastKnownFileType = sourcecode.c.objc; name = BLDimming.m; path = BLCustomClass/BLDimming.m; sourceTree = "<group>"; };
		17BBA2BB1C2A896B00B1B32C /* BLUICurtainButton.h */ = {isa = PBXFileReference; fileEncoding = 4; lastKnownFileType = sourcecode.c.h; name = BLUICurtainButton.h; path = BLCustomClass/BLUICurtainButton.h; sourceTree = "<group>"; };
		17BBA2BC1C2A896B00B1B32C /* BLUICurtainButton.m */ = {isa = PBXFileReference; fileEncoding = 4; lastKnownFileType = sourcecode.c.objc; name = BLUICurtainButton.m; path = BLCustomClass/BLUICurtainButton.m; sourceTree = "<group>"; };
		17BBA2C11C2A89CA00B1B32C /* BLCurtain.h */ = {isa = PBXFileReference; fileEncoding = 4; lastKnownFileType = sourcecode.c.h; name = BLCurtain.h; path = BLCustomClass/BLCurtain.h; sourceTree = "<group>"; };
		17BBA2C21C2A89CA00B1B32C /* BLCurtain.m */ = {isa = PBXFileReference; fileEncoding = 4; lastKnownFileType = sourcecode.c.objc; name = BLCurtain.m; path = BLCustomClass/BLCurtain.m; sourceTree = "<group>"; };
		17BBA2C91C2A8A6D00B1B32C /* BLCurtainViewController.h */ = {isa = PBXFileReference; fileEncoding = 4; lastKnownFileType = sourcecode.c.h; name = BLCurtainViewController.h; path = BLCustomClass/BLCurtainViewController.h; sourceTree = "<group>"; };
		17BBA2CA1C2A8A6D00B1B32C /* BLCurtainViewController.m */ = {isa = PBXFileReference; fileEncoding = 4; lastKnownFileType = sourcecode.c.objc; name = BLCurtainViewController.m; path = BLCustomClass/BLCurtainViewController.m; sourceTree = "<group>"; };
		17BBA2CB1C2A8A6D00B1B32C /* BLCurtainViewController.xib */ = {isa = PBXFileReference; fileEncoding = 4; lastKnownFileType = file.xib; name = BLCurtainViewController.xib; path = BLCustomClass/BLCurtainViewController.xib; sourceTree = "<group>"; };
		17DA5F381B96F19D003532ED /* click1.mp3 */ = {isa = PBXFileReference; lastKnownFileType = audio.mp3; path = click1.mp3; sourceTree = "<group>"; };
		17DBAD021B74B03B00B26A83 /* BLSmartPageViewDemo.app */ = {isa = PBXFileReference; explicitFileType = wrapper.application; includeInIndex = 0; path = BLSmartPageViewDemo.app; sourceTree = BUILT_PRODUCTS_DIR; };
		17DBAD061B74B03B00B26A83 /* Info.plist */ = {isa = PBXFileReference; lastKnownFileType = text.plist.xml; path = Info.plist; sourceTree = "<group>"; };
		17DBAD071B74B03B00B26A83 /* main.m */ = {isa = PBXFileReference; lastKnownFileType = sourcecode.c.objc; path = main.m; sourceTree = "<group>"; };
		17DBAD091B74B03B00B26A83 /* AppDelegate.h */ = {isa = PBXFileReference; lastKnownFileType = sourcecode.c.h; path = AppDelegate.h; sourceTree = "<group>"; };
		17DBAD0A1B74B03B00B26A83 /* AppDelegate.m */ = {isa = PBXFileReference; lastKnownFileType = sourcecode.c.objc; path = AppDelegate.m; sourceTree = "<group>"; };
		17DBAD0C1B74B03B00B26A83 /* ViewController.h */ = {isa = PBXFileReference; lastKnownFileType = sourcecode.c.h; path = ViewController.h; sourceTree = "<group>"; };
		17DBAD0D1B74B03B00B26A83 /* ViewController.m */ = {isa = PBXFileReference; lastKnownFileType = sourcecode.c.objc; path = ViewController.m; sourceTree = "<group>"; };
		17DBAD121B74B03B00B26A83 /* Images.xcassets */ = {isa = PBXFileReference; lastKnownFileType = folder.assetcatalog; path = Images.xcassets; sourceTree = "<group>"; };
		17DBAD151B74B03B00B26A83 /* Base */ = {isa = PBXFileReference; lastKnownFileType = file.xib; name = Base; path = Base.lproj/LaunchScreen.xib; sourceTree = "<group>"; };
		17DBAD1B1B74B03B00B26A83 /* BLSmartPageViewDemoTests.xctest */ = {isa = PBXFileReference; explicitFileType = wrapper.cfbundle; includeInIndex = 0; path = BLSmartPageViewDemoTests.xctest; sourceTree = BUILT_PRODUCTS_DIR; };
		17DBAD201B74B03B00B26A83 /* Info.plist */ = {isa = PBXFileReference; lastKnownFileType = text.plist.xml; path = Info.plist; sourceTree = "<group>"; };
		17DBAD211B74B03B00B26A83 /* BLSmartPageViewDemoTests.m */ = {isa = PBXFileReference; lastKnownFileType = sourcecode.c.objc; path = BLSmartPageViewDemoTests.m; sourceTree = "<group>"; };
		17DBAD341B74B81000B26A83 /* APPChildViewController.h */ = {isa = PBXFileReference; fileEncoding = 4; lastKnownFileType = sourcecode.c.h; path = APPChildViewController.h; sourceTree = "<group>"; };
		17DBAD351B74B81000B26A83 /* APPChildViewController.m */ = {isa = PBXFileReference; fileEncoding = 4; lastKnownFileType = sourcecode.c.objc; path = APPChildViewController.m; sourceTree = "<group>"; };
		17DD16501B75AC1200E0858C /* homeDemo.png */ = {isa = PBXFileReference; lastKnownFileType = image.png; path = homeDemo.png; sourceTree = "<group>"; };
		17DDCA0B1B787D6800AF415B /* 资源库 */ = {isa = PBXFileReference; lastKnownFileType = folder; path = "资源库"; sourceTree = "<group>"; };
		17DDCA121B78B6E500AF415B /* PropertyConfigPhrase.h */ = {isa = PBXFileReference; fileEncoding = 4; lastKnownFileType = sourcecode.c.h; path = PropertyConfigPhrase.h; sourceTree = "<group>"; };
		17DDCA131B78B6E500AF415B /* PropertyConfigPhrase.m */ = {isa = PBXFileReference; fileEncoding = 4; lastKnownFileType = sourcecode.c.objc; path = PropertyConfigPhrase.m; sourceTree = "<group>"; };
		17FBA82B1C2B878700E9406D /* BLHeating.h */ = {isa = PBXFileReference; fileEncoding = 4; lastKnownFileType = sourcecode.c.h; name = BLHeating.h; path = BLCustomClass/BLHeating.h; sourceTree = "<group>"; };
		17FBA82C1C2B878700E9406D /* BLHeating.m */ = {isa = PBXFileReference; fileEncoding = 4; lastKnownFileType = sourcecode.c.objc; name = BLHeating.m; path = BLCustomClass/BLHeating.m; sourceTree = "<group>"; };
/* End PBXFileReference section */

/* Begin PBXFrameworksBuildPhase section */
		17DBACFF1B74B03B00B26A83 /* Frameworks */ = {
			isa = PBXFrameworksBuildPhase;
			buildActionMask = 2147483647;
			files = (
				17736A841BF9B06800CF1F5F /* libz.1.2.5.tbd in Frameworks */,
				171ED0DB1BA9196D006D3BAE /* UIKit.framework in Frameworks */,
			);
			runOnlyForDeploymentPostprocessing = 0;
		};
		17DBAD181B74B03B00B26A83 /* Frameworks */ = {
			isa = PBXFrameworksBuildPhase;
			buildActionMask = 2147483647;
			files = (
			);
			runOnlyForDeploymentPostprocessing = 0;
		};
/* End PBXFrameworksBuildPhase section */

/* Begin PBXGroup section */
		171ED0CA1BA918D0006D3BAE /* REMenu */ = {
			isa = PBXGroup;
			children = (
				171ED0CB1BA918F9006D3BAE /* RECommonFunctions.h */,
				171ED0CC1BA918F9006D3BAE /* RECommonFunctions.m */,
				171ED0CD1BA918F9006D3BAE /* REMenu.h */,
				171ED0CE1BA918F9006D3BAE /* REMenu.m */,
				171ED0CF1BA918F9006D3BAE /* REMenuContainerView.h */,
				171ED0D01BA918F9006D3BAE /* REMenuContainerView.m */,
				171ED0D11BA918F9006D3BAE /* REMenuItem.h */,
				171ED0D21BA918F9006D3BAE /* REMenuItem.m */,
				171ED0D31BA918F9006D3BAE /* REMenuItemView.h */,
				171ED0D41BA918F9006D3BAE /* REMenuItemView.m */,
			);
			name = REMenu;
			sourceTree = "<group>";
		};
		171ED0E01BA91B02006D3BAE /* Frameworks */ = {
			isa = PBXGroup;
			children = (
				171ED0DE1BA91A08006D3BAE /* CoreGraphics.framework */,
				171ED0DC1BA91999006D3BAE /* Foundation.framework */,
				171ED0DA1BA9196D006D3BAE /* UIKit.framework */,
			);
			name = Frameworks;
			sourceTree = "<group>";
		};
		176124C61BB94167006A8A83 /* BLGCDKNXAsyncSocket */ = {
			isa = PBXGroup;
			children = (
				176124C31BB9415C006A8A83 /* BLGCDKNXTunnellingAsyncUdpSocket.h */,
				176124C41BB9415C006A8A83 /* BLGCDKNXTunnellingAsyncUdpSocket.m */,
			);
			name = BLGCDKNXAsyncSocket;
			sourceTree = "<group>";
		};
		1769F0911C28EAC600D0AB42 /* BLHeatingClass */ = {
			isa = PBXGroup;
			children = (
				1769F0931C28EDD400D0AB42 /* BLUIHeatingButton.h */,
				1769F0941C28EDD400D0AB42 /* BLUIHeatingButton.m */,
				1769F0991C28FEB000D0AB42 /* BLHeatingViewController.h */,
				1769F09A1C28FEB000D0AB42 /* BLHeatingViewController.m */,
				1769F09B1C28FEB000D0AB42 /* BLHeatingViewController.xib */,
				17FBA82B1C2B878700E9406D /* BLHeating.h */,
				17FBA82C1C2B878700E9406D /* BLHeating.m */,
			);
			name = BLHeatingClass;
			sourceTree = "<group>";
		};
		17736A051BF9AE7B00CF1F5F /* ThirdPart */ = {
			isa = PBXGroup;
			children = (
				17736A971BF9B8DA00CF1F5F /* ZipArchive */,
				17736A831BF9B06800CF1F5F /* libz.1.2.5.tbd */,
				17736A131BF9AFEE00CF1F5F /* CocoaHTTPServer */,
				17736A411BF9AFEE00CF1F5F /* Vendor */,
			);
			name = ThirdPart;
			sourceTree = "<group>";
		};
		17736A131BF9AFEE00CF1F5F /* CocoaHTTPServer */ = {
			isa = PBXGroup;
			children = (
				17736A141BF9AFEE00CF1F5F /* Categories */,
				17736A1B1BF9AFEE00CF1F5F /* HTTPAuthenticationRequest.h */,
				17736A1C1BF9AFEE00CF1F5F /* HTTPAuthenticationRequest.m */,
				17736A1D1BF9AFEE00CF1F5F /* HTTPConnection.h */,
				17736A1E1BF9AFEE00CF1F5F /* HTTPConnection.m */,
				17736A1F1BF9AFEE00CF1F5F /* HTTPLogging.h */,
				17736A201BF9AFEE00CF1F5F /* HTTPMessage.h */,
				17736A211BF9AFEE00CF1F5F /* HTTPMessage.m */,
				17736A221BF9AFEE00CF1F5F /* HTTPResponse.h */,
				17736A231BF9AFEE00CF1F5F /* HTTPServer.h */,
				17736A241BF9AFEE00CF1F5F /* HTTPServer.m */,
				17736A251BF9AFEE00CF1F5F /* Mime */,
				17736A2C1BF9AFEE00CF1F5F /* Responses */,
				17736A391BF9AFEE00CF1F5F /* WebSocket.h */,
				17736A3A1BF9AFEE00CF1F5F /* WebSocket.m */,
			);
			name = CocoaHTTPServer;
			path = BLSmartPageViewDemo/CocoaHTTPServer;
			sourceTree = "<group>";
		};
		17736A141BF9AFEE00CF1F5F /* Categories */ = {
			isa = PBXGroup;
			children = (
				17736A151BF9AFEE00CF1F5F /* DDData.h */,
				17736A161BF9AFEE00CF1F5F /* DDData.m */,
				17736A171BF9AFEE00CF1F5F /* DDNumber.h */,
				17736A181BF9AFEE00CF1F5F /* DDNumber.m */,
				17736A191BF9AFEE00CF1F5F /* DDRange.h */,
				17736A1A1BF9AFEE00CF1F5F /* DDRange.m */,
			);
			path = Categories;
			sourceTree = "<group>";
		};
		17736A251BF9AFEE00CF1F5F /* Mime */ = {
			isa = PBXGroup;
			children = (
				17736A261BF9AFEE00CF1F5F /* MultipartFormDataParser.h */,
				17736A271BF9AFEE00CF1F5F /* MultipartFormDataParser.m */,
				17736A281BF9AFEE00CF1F5F /* MultipartMessageHeader.h */,
				17736A291BF9AFEE00CF1F5F /* MultipartMessageHeader.m */,
				17736A2A1BF9AFEE00CF1F5F /* MultipartMessageHeaderField.h */,
				17736A2B1BF9AFEE00CF1F5F /* MultipartMessageHeaderField.m */,
			);
			path = Mime;
			sourceTree = "<group>";
		};
		17736A2C1BF9AFEE00CF1F5F /* Responses */ = {
			isa = PBXGroup;
			children = (
				17736A2D1BF9AFEE00CF1F5F /* HTTPAsyncFileResponse.h */,
				17736A2E1BF9AFEE00CF1F5F /* HTTPAsyncFileResponse.m */,
				17736A2F1BF9AFEE00CF1F5F /* HTTPDataResponse.h */,
				17736A301BF9AFEE00CF1F5F /* HTTPDataResponse.m */,
				17736A311BF9AFEE00CF1F5F /* HTTPDynamicFileResponse.h */,
				17736A321BF9AFEE00CF1F5F /* HTTPDynamicFileResponse.m */,
				17736A331BF9AFEE00CF1F5F /* HTTPErrorResponse.h */,
				17736A341BF9AFEE00CF1F5F /* HTTPErrorResponse.m */,
				17736A351BF9AFEE00CF1F5F /* HTTPFileResponse.h */,
				17736A361BF9AFEE00CF1F5F /* HTTPFileResponse.m */,
				17736A371BF9AFEE00CF1F5F /* HTTPRedirectResponse.h */,
				17736A381BF9AFEE00CF1F5F /* HTTPRedirectResponse.m */,
			);
			path = Responses;
			sourceTree = "<group>";
		};
		17736A3B1BF9AFEE00CF1F5F /* SimpleFileUploadServer */ = {
			isa = PBXGroup;
			children = (
				17736A3C1BF9AFEE00CF1F5F /* MyHTTPConnection.h */,
				17736A3D1BF9AFEE00CF1F5F /* MyHTTPConnection.m */,
				17736A3E1BF9AFEE00CF1F5F /* web */,
			);
			path = SimpleFileUploadServer;
			sourceTree = "<group>";
		};
		17736A3E1BF9AFEE00CF1F5F /* web */ = {
			isa = PBXGroup;
			children = (
				17736A3F1BF9AFEE00CF1F5F /* index.html */,
				17736A401BF9AFEE00CF1F5F /* upload.html */,
			);
			path = web;
			sourceTree = "<group>";
		};
		17736A411BF9AFEE00CF1F5F /* Vendor */ = {
			isa = PBXGroup;
			children = (
				17736A421BF9AFEE00CF1F5F /* CocoaLumberjack */,
			);
			name = Vendor;
			path = BLSmartPageViewDemo/Vendor;
			sourceTree = "<group>";
		};
		17736A421BF9AFEE00CF1F5F /* CocoaLumberjack */ = {
			isa = PBXGroup;
			children = (
				17736A431BF9AFEE00CF1F5F /* About.txt */,
				17736A441BF9AFEE00CF1F5F /* DDAbstractDatabaseLogger.h */,
				17736A451BF9AFEE00CF1F5F /* DDAbstractDatabaseLogger.m */,
				17736A461BF9AFEE00CF1F5F /* DDASLLogger.h */,
				17736A471BF9AFEE00CF1F5F /* DDASLLogger.m */,
				17736A481BF9AFEE00CF1F5F /* DDFileLogger.h */,
				17736A491BF9AFEE00CF1F5F /* DDFileLogger.m */,
				17736A4A1BF9AFEE00CF1F5F /* DDLog.h */,
				17736A4B1BF9AFEE00CF1F5F /* DDLog.m */,
				17736A4C1BF9AFEE00CF1F5F /* DDTTYLogger.h */,
				17736A4D1BF9AFEE00CF1F5F /* DDTTYLogger.m */,
				17736A4E1BF9AFEE00CF1F5F /* Extensions */,
			);
			path = CocoaLumberjack;
			sourceTree = "<group>";
		};
		17736A4E1BF9AFEE00CF1F5F /* Extensions */ = {
			isa = PBXGroup;
			children = (
				17736A4F1BF9AFEE00CF1F5F /* ContextFilterLogFormatter.h */,
				17736A501BF9AFEE00CF1F5F /* ContextFilterLogFormatter.m */,
				17736A511BF9AFEE00CF1F5F /* DispatchQueueLogFormatter.h */,
				17736A521BF9AFEE00CF1F5F /* DispatchQueueLogFormatter.m */,
				17736A531BF9AFEE00CF1F5F /* README.txt */,
			);
			path = Extensions;
			sourceTree = "<group>";
		};
		17736A971BF9B8DA00CF1F5F /* ZipArchive */ = {
			isa = PBXGroup;
			children = (
				17736A981BF9B8DA00CF1F5F /* minizip */,
				17736AA21BF9B8DA00CF1F5F /* ZipArchive.h */,
				17736AA31BF9B8DA00CF1F5F /* ZipArchive.mm */,
			);
			path = ZipArchive;
			sourceTree = "<group>";
		};
		17736A981BF9B8DA00CF1F5F /* minizip */ = {
			isa = PBXGroup;
			children = (
				17736A991BF9B8DA00CF1F5F /* crypt.h */,
				17736A9A1BF9B8DA00CF1F5F /* ioapi.c */,
				17736A9B1BF9B8DA00CF1F5F /* ioapi.h */,
				17736A9C1BF9B8DA00CF1F5F /* mztools.c */,
				17736A9D1BF9B8DA00CF1F5F /* mztools.h */,
				17736A9E1BF9B8DA00CF1F5F /* unzip.c */,
				17736A9F1BF9B8DA00CF1F5F /* unzip.h */,
				17736AA01BF9B8DA00CF1F5F /* zip.c */,
				17736AA11BF9B8DA00CF1F5F /* zip.h */,
			);
			path = minizip;
			sourceTree = "<group>";
		};
		17736AA91BF9BAA700CF1F5F /* Resources */ = {
			isa = PBXGroup;
			children = (
				17736AAF1BF9BB1600CF1F5F /* web */,
			);
			name = Resources;
			sourceTree = "<group>";
		};
		177986851B8D9E8D00AE0BF1 /* GCDAsyncSocket */ = {
			isa = PBXGroup;
			children = (
				1779867C1B8D9CEE00AE0BF1 /* GCDAsyncSocket.h */,
				1779867D1B8D9CEE00AE0BF1 /* GCDAsyncSocket.m */,
				1779867E1B8D9CEE00AE0BF1 /* GCDAsyncUdpSocket.h */,
				1779867F1B8D9CEE00AE0BF1 /* GCDAsyncUdpSocket.m */,
			);
			name = GCDAsyncSocket;
			sourceTree = "<group>";
		};
		177986861B8D9EA300AE0BF1 /* Controller */ = {
			isa = PBXGroup;
			children = (
				17DBAD0C1B74B03B00B26A83 /* ViewController.h */,
				17DBAD0D1B74B03B00B26A83 /* ViewController.m */,
				17DBAD341B74B81000B26A83 /* APPChildViewController.h */,
				17DBAD351B74B81000B26A83 /* APPChildViewController.m */,
				171ED0E11BA952AD006D3BAE /* BLRootNavigationController.h */,
				171ED0E21BA952AD006D3BAE /* BLRootNavigationController.m */,
				17619D0B1BB3CD8400389414 /* BLPadSettingViewController.h */,
				17619D0C1BB3CD8400389414 /* BLPadSettingViewController.m */,
				17619D101BB3E62600389414 /* BLPadSettingViewController.xib */,
				17736ABC1BFADEF000CF1F5F /* EmptyViewController.h */,
				17736ABD1BFADEF000CF1F5F /* EmptyViewController.m */,
				17736ABE1BFADEF000CF1F5F /* EmptyViewController.xib */,
			);
			name = Controller;
			sourceTree = "<group>";
		};
		177986871B8D9EC600AE0BF1 /* Mode */ = {
			isa = PBXGroup;
			children = (
				177986851B8D9E8D00AE0BF1 /* GCDAsyncSocket */,
				176124C61BB94167006A8A83 /* BLGCDKNXAsyncSocket */,
				17DDCA121B78B6E500AF415B /* PropertyConfigPhrase.h */,
				17DDCA131B78B6E500AF415B /* PropertyConfigPhrase.m */,
				1762F52D1B92D29E00B4EBE7 /* Utils.h */,
				1762F52E1B92D29E00B4EBE7 /* Utils.m */,
				172168071BABDF700065A213 /* GlobalMacro.h */,
				17619D121BB5328B00389414 /* BLSettingData.h */,
				17619D131BB5328B00389414 /* BLSettingData.m */,
				17736AB11BF9BE8600CF1F5F /* ConfigFileProcess.h */,
				17736AB21BF9BE8600CF1F5F /* ConfigFileProcess.m */,
				17BBA2A21C291E4200B1B32C /* ViewControllerContainer.h */,
				17BBA2A31C291E4200B1B32C /* ViewControllerContainer.m */,
				177986881B8D9FD000AE0BF1 /* BLCustomClass */,
			);
			name = Mode;
			sourceTree = "<group>";
		};
		177986881B8D9FD000AE0BF1 /* BLCustomClass */ = {
			isa = PBXGroup;
			children = (
				17BBA2A51C2A3A3900B1B32C /* BLDimmingClass */,
				1769F0911C28EAC600D0AB42 /* BLHeatingClass */,
				17DA5F3A1B97F6DA003532ED /* BLACClass */,
				17BBA2BA1C2A885300B1B32C /* BLCurtainClass */,
				17DB7DFC1B9C3DD50088335A /* BLCurtain2Class */,
				1721680C1BABE6980065A213 /* BLUIPageJumpButton.m */,
				1721680B1BABE6980065A213 /* BLUIPageJumpButton.h */,
				1721680D1BABE6980065A213 /* BLUISceneButton.h */,
				1721680E1BABE6980065A213 /* BLUISceneButton.m */,
				1721680F1BABE6980065A213 /* BLUISwitch.h */,
				172168101BABE6980065A213 /* BLUISwitch.m */,
				172168111BABE6980065A213 /* NSMutableArray+QueueStack.h */,
				172168121BABE6980065A213 /* NSMutableArray+QueueStack.m */,
				172A19761BD0F9B50099C97E /* BLUILabel.h */,
				172A19771BD0F9B50099C97E /* BLUILabel.m */,
				172A19791BD0FB950099C97E /* BLUIImageView.h */,
				172A197A1BD0FB950099C97E /* BLUIImageView.m */,
				178CA92A1BD4986C0079EAFE /* BLUISlider.h */,
				178CA92B1BD4986C0079EAFE /* BLUISlider.m */,
			);
			name = BLCustomClass;
			sourceTree = "<group>";
		};
		17BBA2A51C2A3A3900B1B32C /* BLDimmingClass */ = {
			isa = PBXGroup;
			children = (
				17BBA2A61C2A3A6600B1B32C /* BLDimmingButton.h */,
				17BBA2A71C2A3A6600B1B32C /* BLDimmingButton.m */,
				17BBA2A91C2A3A9400B1B32C /* BLDimmingViewController.h */,
				17BBA2AA1C2A3A9400B1B32C /* BLDimmingViewController.m */,
				17BBA2AB1C2A3A9400B1B32C /* BLDimmingViewController.xib */,
				17BBA2B71C2A478600B1B32C /* BLDimming.h */,
				17BBA2B81C2A478600B1B32C /* BLDimming.m */,
			);
			name = BLDimmingClass;
			sourceTree = "<group>";
		};
		17BBA2BA1C2A885300B1B32C /* BLCurtainClass */ = {
			isa = PBXGroup;
			children = (
				17BBA2BB1C2A896B00B1B32C /* BLUICurtainButton.h */,
				17BBA2BC1C2A896B00B1B32C /* BLUICurtainButton.m */,
				17BBA2C91C2A8A6D00B1B32C /* BLCurtainViewController.h */,
				17BBA2CA1C2A8A6D00B1B32C /* BLCurtainViewController.m */,
				17BBA2CB1C2A8A6D00B1B32C /* BLCurtainViewController.xib */,
				17BBA2C11C2A89CA00B1B32C /* BLCurtain.h */,
				17BBA2C21C2A89CA00B1B32C /* BLCurtain.m */,
			);
			name = BLCurtainClass;
			sourceTree = "<group>";
		};
		17D755631B79C67D00385A30 /* View */ = {
			isa = PBXGroup;
			children = (
				178870E31BFC9061008B8F23 /* RoomInfo-Demo */,
			);
			name = View;
			sourceTree = "<group>";
		};
		17DA5F3A1B97F6DA003532ED /* BLACClass */ = {
			isa = PBXGroup;
			children = (
				1721681A1BABE6D90065A213 /* BLUIACButton.h */,
				1721681B1BABE6D90065A213 /* BLUIACButton.m */,
				172A19641BD0BD820099C97E /* BLACViewController.h */,
				172A19651BD0BD820099C97E /* BLACViewController.m */,
				172A196F1BD0CBCE0099C97E /* BLACView.h */,
				172A19701BD0CBCE0099C97E /* BLACView.m */,
				172A19741BD0EC8B0099C97E /* BLACPanelView.xib */,
			);
			name = BLACClass;
			sourceTree = "<group>";
		};
		17DB7DFC1B9C3DD50088335A /* BLCurtain2Class */ = {
			isa = PBXGroup;
			children = (
				1721681F1BABE6EA0065A213 /* BLCurtain2ViewController.h */,
				172168201BABE6EA0065A213 /* BLCurtain2ViewController.m */,
				172168221BABE6EA0065A213 /* BLUICurtain2Button.h */,
				172168231BABE6EA0065A213 /* BLUICurtain2Button.m */,
				178CA9281BD48A160079EAFE /* BLCurtain2PanelView.xib */,
			);
			name = BLCurtain2Class;
			sourceTree = "<group>";
		};
		17DBACF91B74B03B00B26A83 = {
			isa = PBXGroup;
			children = (
				17736A051BF9AE7B00CF1F5F /* ThirdPart */,
				17DBAD041B74B03B00B26A83 /* BLSmartPageViewDemo */,
				171ED0E01BA91B02006D3BAE /* Frameworks */,
				17DBAD1E1B74B03B00B26A83 /* BLSmartPageViewDemoTests */,
				17DBAD031B74B03B00B26A83 /* Products */,
			);
			sourceTree = "<group>";
		};
		17DBAD031B74B03B00B26A83 /* Products */ = {
			isa = PBXGroup;
			children = (
				17DBAD021B74B03B00B26A83 /* BLSmartPageViewDemo.app */,
				17DBAD1B1B74B03B00B26A83 /* BLSmartPageViewDemoTests.xctest */,
			);
			name = Products;
			sourceTree = "<group>";
		};
		17DBAD041B74B03B00B26A83 /* BLSmartPageViewDemo */ = {
			isa = PBXGroup;
			children = (
				17736AA91BF9BAA700CF1F5F /* Resources */,
				17736A3B1BF9AFEE00CF1F5F /* SimpleFileUploadServer */,
				17DBAD091B74B03B00B26A83 /* AppDelegate.h */,
				17DBAD0A1B74B03B00B26A83 /* AppDelegate.m */,
				171ED0CA1BA918D0006D3BAE /* REMenu */,
				177986861B8D9EA300AE0BF1 /* Controller */,
				177986871B8D9EC600AE0BF1 /* Mode */,
				17D755631B79C67D00385A30 /* View */,
				17DBAD051B74B03B00B26A83 /* Supporting Files */,
				17DD164F1B75ABED00E0858C /* Image */,
			);
			path = BLSmartPageViewDemo;
			sourceTree = "<group>";
		};
		17DBAD051B74B03B00B26A83 /* Supporting Files */ = {
			isa = PBXGroup;
			children = (
				17DA5F381B96F19D003532ED /* click1.mp3 */,
				17DBAD141B74B03B00B26A83 /* LaunchScreen.xib */,
				17DBAD121B74B03B00B26A83 /* Images.xcassets */,
				17DBAD061B74B03B00B26A83 /* Info.plist */,
				17DBAD071B74B03B00B26A83 /* main.m */,
			);
			name = "Supporting Files";
			sourceTree = "<group>";
		};
		17DBAD1E1B74B03B00B26A83 /* BLSmartPageViewDemoTests */ = {
			isa = PBXGroup;
			children = (
				17DBAD211B74B03B00B26A83 /* BLSmartPageViewDemoTests.m */,
				17DBAD1F1B74B03B00B26A83 /* Supporting Files */,
			);
			path = BLSmartPageViewDemoTests;
			sourceTree = "<group>";
		};
		17DBAD1F1B74B03B00B26A83 /* Supporting Files */ = {
			isa = PBXGroup;
			children = (
				17DBAD201B74B03B00B26A83 /* Info.plist */,
			);
			name = "Supporting Files";
			sourceTree = "<group>";
		};
		17DD164F1B75ABED00E0858C /* Image */ = {
			isa = PBXGroup;
			children = (
				177F6B731BCE38440037BDE0 /* 杰立户型图.png */,
				17619CFD1BB295AD00389414 /* Icon_Activity.png */,
				17619CFE1BB295AD00389414 /* Icon_Activity@2x.png */,
				17DDCA0B1B787D6800AF415B /* 资源库 */,
				17DD16501B75AC1200E0858C /* homeDemo.png */,
			);
			name = Image;
			sourceTree = "<group>";
		};
/* End PBXGroup section */

/* Begin PBXNativeTarget section */
		17DBAD011B74B03B00B26A83 /* BLSmartPageViewDemo */ = {
			isa = PBXNativeTarget;
			buildConfigurationList = 17DBAD251B74B03B00B26A83 /* Build configuration list for PBXNativeTarget "BLSmartPageViewDemo" */;
			buildPhases = (
				17DBACFE1B74B03B00B26A83 /* Sources */,
				17DBACFF1B74B03B00B26A83 /* Frameworks */,
				17DBAD001B74B03B00B26A83 /* Resources */,
			);
			buildRules = (
			);
			dependencies = (
			);
			name = BLSmartPageViewDemo;
			productName = BLSmartPageViewDemo;
			productReference = 17DBAD021B74B03B00B26A83 /* BLSmartPageViewDemo.app */;
			productType = "com.apple.product-type.application";
		};
		17DBAD1A1B74B03B00B26A83 /* BLSmartPageViewDemoTests */ = {
			isa = PBXNativeTarget;
			buildConfigurationList = 17DBAD281B74B03B00B26A83 /* Build configuration list for PBXNativeTarget "BLSmartPageViewDemoTests" */;
			buildPhases = (
				17DBAD171B74B03B00B26A83 /* Sources */,
				17DBAD181B74B03B00B26A83 /* Frameworks */,
				17DBAD191B74B03B00B26A83 /* Resources */,
			);
			buildRules = (
			);
			dependencies = (
				17DBAD1D1B74B03B00B26A83 /* PBXTargetDependency */,
			);
			name = BLSmartPageViewDemoTests;
			productName = BLSmartPageViewDemoTests;
			productReference = 17DBAD1B1B74B03B00B26A83 /* BLSmartPageViewDemoTests.xctest */;
			productType = "com.apple.product-type.bundle.unit-test";
		};
/* End PBXNativeTarget section */

/* Begin PBXProject section */
		17DBACFA1B74B03B00B26A83 /* Project object */ = {
			isa = PBXProject;
			attributes = {
				LastUpgradeCheck = 0640;
				ORGANIZATIONNAME = Landyu;
				TargetAttributes = {
					17DBAD011B74B03B00B26A83 = {
						CreatedOnToolsVersion = 6.4;
						DevelopmentTeam = 3UAH89GV65;
					};
					17DBAD1A1B74B03B00B26A83 = {
						CreatedOnToolsVersion = 6.4;
						TestTargetID = 17DBAD011B74B03B00B26A83;
					};
				};
			};
			buildConfigurationList = 17DBACFD1B74B03B00B26A83 /* Build configuration list for PBXProject "BLSmartPageViewDemo" */;
			compatibilityVersion = "Xcode 3.2";
			developmentRegion = English;
			hasScannedForEncodings = 0;
			knownRegions = (
				en,
				Base,
			);
			mainGroup = 17DBACF91B74B03B00B26A83;
			productRefGroup = 17DBAD031B74B03B00B26A83 /* Products */;
			projectDirPath = "";
			projectRoot = "";
			targets = (
				17DBAD011B74B03B00B26A83 /* BLSmartPageViewDemo */,
				17DBAD1A1B74B03B00B26A83 /* BLSmartPageViewDemoTests */,
			);
		};
/* End PBXProject section */

/* Begin PBXResourcesBuildPhase section */
		17DBAD001B74B03B00B26A83 /* Resources */ = {
			isa = PBXResourcesBuildPhase;
			buildActionMask = 2147483647;
			files = (
				17736AC01BFADEF000CF1F5F /* EmptyViewController.xib in Resources */,
				17DA5F391B96F19D003532ED /* click1.mp3 in Resources */,
				17736A731BF9AFEE00CF1F5F /* index.html in Resources */,
				17736A741BF9AFEE00CF1F5F /* upload.html in Resources */,
				178CA9291BD48A160079EAFE /* BLCurtain2PanelView.xib in Resources */,
				177F6B741BCE38440037BDE0 /* 杰立户型图.png in Resources */,
				17BBA2AD1C2A3A9400B1B32C /* BLDimmingViewController.xib in Resources */,
				17736A091BF9AF0000CF1F5F /* ZipArchive in Resources */,
				17619CFF1BB295AE00389414 /* Icon_Activity.png in Resources */,
				17BBA2CD1C2A8A6D00B1B32C /* BLCurtainViewController.xib in Resources */,
				172A19751BD0EC8B0099C97E /* BLACPanelView.xib in Resources */,
				17736A7D1BF9AFEE00CF1F5F /* README.txt in Resources */,
				17DDCA0C1B787D6800AF415B /* 资源库 in Resources */,
				17736AB01BF9BB1600CF1F5F /* web in Resources */,
				17619D111BB3E62600389414 /* BLPadSettingViewController.xib in Resources */,
				1769F09D1C28FEB000D0AB42 /* BLHeatingViewController.xib in Resources */,
				17DD16511B75AC1200E0858C /* homeDemo.png in Resources */,
				17DBAD161B74B03B00B26A83 /* LaunchScreen.xib in Resources */,
				17DBAD131B74B03B00B26A83 /* Images.xcassets in Resources */,
				178870E41BFC9061008B8F23 /* RoomInfo-Demo in Resources */,
				17619D001BB295AE00389414 /* Icon_Activity@2x.png in Resources */,
				17736A751BF9AFEE00CF1F5F /* About.txt in Resources */,
			);
			runOnlyForDeploymentPostprocessing = 0;
		};
		17DBAD191B74B03B00B26A83 /* Resources */ = {
			isa = PBXResourcesBuildPhase;
			buildActionMask = 2147483647;
			files = (
			);
			runOnlyForDeploymentPostprocessing = 0;
		};
/* End PBXResourcesBuildPhase section */

/* Begin PBXSourcesBuildPhase section */
		17DBACFE1B74B03B00B26A83 /* Sources */ = {
			isa = PBXSourcesBuildPhase;
			buildActionMask = 2147483647;
			files = (
				17736A7B1BF9AFEE00CF1F5F /* ContextFilterLogFormatter.m in Sources */,
				172168131BABE6980065A213 /* BLUIPageJumpButton.m in Sources */,
				17736A6A1BF9AFEE00CF1F5F /* MultipartMessageHeaderField.m in Sources */,
				17736A651BF9AFEE00CF1F5F /* HTTPConnection.m in Sources */,
				17FBA82D1C2B878700E9406D /* BLHeating.m in Sources */,
				177986821B8D9CEE00AE0BF1 /* GCDAsyncSocket.m in Sources */,
				1769F09C1C28FEB000D0AB42 /* BLHeatingViewController.m in Sources */,
				17619D141BB5328B00389414 /* BLSettingData.m in Sources */,
				17736A641BF9AFEE00CF1F5F /* HTTPAuthenticationRequest.m in Sources */,
				17736A791BF9AFEE00CF1F5F /* DDLog.m in Sources */,
				17736A721BF9AFEE00CF1F5F /* MyHTTPConnection.m in Sources */,
				17BBA2C31C2A89CA00B1B32C /* BLCurtain.m in Sources */,
				17BBA2A81C2A3A6600B1B32C /* BLDimmingButton.m in Sources */,
				17736A611BF9AFEE00CF1F5F /* DDData.m in Sources */,
				17736A6E1BF9AFEE00CF1F5F /* HTTPErrorResponse.m in Sources */,
				17736A701BF9AFEE00CF1F5F /* HTTPRedirectResponse.m in Sources */,
				17736AA61BF9B8DA00CF1F5F /* unzip.c in Sources */,
				1762F52F1B92D29E00B4EBE7 /* Utils.m in Sources */,
				171ED0D81BA918F9006D3BAE /* REMenuItem.m in Sources */,
				171ED0E41BA952AD006D3BAE /* BLRootNavigationController.m in Sources */,
				17736A6C1BF9AFEE00CF1F5F /* HTTPDataResponse.m in Sources */,
				172A19661BD0BD820099C97E /* BLACViewController.m in Sources */,
				172168141BABE6980065A213 /* BLUISceneButton.m in Sources */,
				17736AA51BF9B8DA00CF1F5F /* mztools.c in Sources */,
				17736A681BF9AFEE00CF1F5F /* MultipartFormDataParser.m in Sources */,
				17BBA2A41C291E4200B1B32C /* ViewControllerContainer.m in Sources */,
				17BBA2BD1C2A896B00B1B32C /* BLUICurtainButton.m in Sources */,
				17736AA41BF9B8DA00CF1F5F /* ioapi.c in Sources */,
				177986831B8D9CEE00AE0BF1 /* GCDAsyncUdpSocket.m in Sources */,
				17DBAD0E1B74B03B00B26A83 /* ViewController.m in Sources */,
				17736A781BF9AFEE00CF1F5F /* DDFileLogger.m in Sources */,
				17736A6B1BF9AFEE00CF1F5F /* HTTPAsyncFileResponse.m in Sources */,
				1769F0951C28EDD400D0AB42 /* BLUIHeatingButton.m in Sources */,
				17DBAD0B1B74B03B00B26A83 /* AppDelegate.m in Sources */,
				171ED0D51BA918F9006D3BAE /* RECommonFunctions.m in Sources */,
				17BBA2AC1C2A3A9400B1B32C /* BLDimmingViewController.m in Sources */,
				172168261BABE6EA0065A213 /* BLUICurtain2Button.m in Sources */,
				172A19781BD0F9B50099C97E /* BLUILabel.m in Sources */,
				17736ABF1BFADEF000CF1F5F /* EmptyViewController.m in Sources */,
				17DBAD081B74B03B00B26A83 /* main.m in Sources */,
				17736A671BF9AFEE00CF1F5F /* HTTPServer.m in Sources */,
				17736AA81BF9B8DA00CF1F5F /* ZipArchive.mm in Sources */,
				172A19711BD0CBCE0099C97E /* BLACView.m in Sources */,
				172168161BABE6980065A213 /* NSMutableArray+QueueStack.m in Sources */,
				172168151BABE6980065A213 /* BLUISwitch.m in Sources */,
				17736A6D1BF9AFEE00CF1F5F /* HTTPDynamicFileResponse.m in Sources */,
				171ED0D71BA918F9006D3BAE /* REMenuContainerView.m in Sources */,
				171ED0D61BA918F9006D3BAE /* REMenu.m in Sources */,
				17736A711BF9AFEE00CF1F5F /* WebSocket.m in Sources */,
				17736AA71BF9B8DA00CF1F5F /* zip.c in Sources */,
				172A197B1BD0FB950099C97E /* BLUIImageView.m in Sources */,
				17736A621BF9AFEE00CF1F5F /* DDNumber.m in Sources */,
				17736AB31BF9BE8600CF1F5F /* ConfigFileProcess.m in Sources */,
				172168241BABE6EA0065A213 /* BLCurtain2ViewController.m in Sources */,
				1721681E1BABE6D90065A213 /* BLUIACButton.m in Sources */,
				17736A661BF9AFEE00CF1F5F /* HTTPMessage.m in Sources */,
				17BBA2B91C2A478600B1B32C /* BLDimming.m in Sources */,
				17736A761BF9AFEE00CF1F5F /* DDAbstractDatabaseLogger.m in Sources */,
				17736A631BF9AFEE00CF1F5F /* DDRange.m in Sources */,
				17736A771BF9AFEE00CF1F5F /* DDASLLogger.m in Sources */,
				171ED0D91BA918F9006D3BAE /* REMenuItemView.m in Sources */,
				17DBAD371B74B81000B26A83 /* APPChildViewController.m in Sources */,
				17736A7A1BF9AFEE00CF1F5F /* DDTTYLogger.m in Sources */,
				17736A691BF9AFEE00CF1F5F /* MultipartMessageHeader.m in Sources */,
				178CA92C1BD4986C0079EAFE /* BLUISlider.m in Sources */,
				17736A7C1BF9AFEE00CF1F5F /* DispatchQueueLogFormatter.m in Sources */,
				17BBA2CC1C2A8A6D00B1B32C /* BLCurtainViewController.m in Sources */,
				17736A6F1BF9AFEE00CF1F5F /* HTTPFileResponse.m in Sources */,
				17DDCA141B78B6E500AF415B /* PropertyConfigPhrase.m in Sources */,
				176124C51BB9415C006A8A83 /* BLGCDKNXTunnellingAsyncUdpSocket.m in Sources */,
				17619D0E1BB3CD8400389414 /* BLPadSettingViewController.m in Sources */,
			);
			runOnlyForDeploymentPostprocessing = 0;
		};
		17DBAD171B74B03B00B26A83 /* Sources */ = {
			isa = PBXSourcesBuildPhase;
			buildActionMask = 2147483647;
			files = (
				17DBAD221B74B03B00B26A83 /* BLSmartPageViewDemoTests.m in Sources */,
			);
			runOnlyForDeploymentPostprocessing = 0;
		};
/* End PBXSourcesBuildPhase section */

/* Begin PBXTargetDependency section */
		17DBAD1D1B74B03B00B26A83 /* PBXTargetDependency */ = {
			isa = PBXTargetDependency;
			target = 17DBAD011B74B03B00B26A83 /* BLSmartPageViewDemo */;
			targetProxy = 17DBAD1C1B74B03B00B26A83 /* PBXContainerItemProxy */;
		};
/* End PBXTargetDependency section */

/* Begin PBXVariantGroup section */
		17DBAD141B74B03B00B26A83 /* LaunchScreen.xib */ = {
			isa = PBXVariantGroup;
			children = (
				17DBAD151B74B03B00B26A83 /* Base */,
			);
			name = LaunchScreen.xib;
			sourceTree = "<group>";
		};
/* End PBXVariantGroup section */

/* Begin XCBuildConfiguration section */
		17DBAD231B74B03B00B26A83 /* Debug */ = {
			isa = XCBuildConfiguration;
			buildSettings = {
				ALWAYS_SEARCH_USER_PATHS = NO;
				CLANG_CXX_LANGUAGE_STANDARD = "gnu++0x";
				CLANG_CXX_LIBRARY = "libc++";
				CLANG_ENABLE_MODULES = YES;
				CLANG_ENABLE_OBJC_ARC = YES;
				CLANG_WARN_BOOL_CONVERSION = YES;
				CLANG_WARN_CONSTANT_CONVERSION = YES;
				CLANG_WARN_DIRECT_OBJC_ISA_USAGE = YES_ERROR;
				CLANG_WARN_EMPTY_BODY = YES;
				CLANG_WARN_ENUM_CONVERSION = YES;
				CLANG_WARN_INT_CONVERSION = YES;
				CLANG_WARN_OBJC_ROOT_CLASS = YES_ERROR;
				CLANG_WARN_UNREACHABLE_CODE = YES;
				CLANG_WARN__DUPLICATE_METHOD_MATCH = YES;
				"CODE_SIGN_IDENTITY[sdk=iphoneos*]" = "iPhone Developer";
				COPY_PHASE_STRIP = NO;
				DEBUG_INFORMATION_FORMAT = "dwarf-with-dsym";
				ENABLE_STRICT_OBJC_MSGSEND = YES;
				GCC_C_LANGUAGE_STANDARD = gnu99;
				GCC_DYNAMIC_NO_PIC = NO;
				GCC_NO_COMMON_BLOCKS = YES;
				GCC_OPTIMIZATION_LEVEL = 0;
				GCC_PREPROCESSOR_DEFINITIONS = (
					"DEBUG=1",
					"$(inherited)",
				);
				GCC_SYMBOLS_PRIVATE_EXTERN = NO;
				GCC_WARN_64_TO_32_BIT_CONVERSION = YES;
				GCC_WARN_ABOUT_RETURN_TYPE = YES_ERROR;
				GCC_WARN_UNDECLARED_SELECTOR = YES;
				GCC_WARN_UNINITIALIZED_AUTOS = YES_AGGRESSIVE;
				GCC_WARN_UNUSED_FUNCTION = YES;
				GCC_WARN_UNUSED_VARIABLE = YES;
				IPHONEOS_DEPLOYMENT_TARGET = 8.4;
				MTL_ENABLE_DEBUG_INFO = YES;
				ONLY_ACTIVE_ARCH = YES;
				SDKROOT = iphoneos;
				TARGETED_DEVICE_FAMILY = 2;
				USER_HEADER_SEARCH_PATHS = "";
			};
			name = Debug;
		};
		17DBAD241B74B03B00B26A83 /* Release */ = {
			isa = XCBuildConfiguration;
			buildSettings = {
				ALWAYS_SEARCH_USER_PATHS = NO;
				CLANG_CXX_LANGUAGE_STANDARD = "gnu++0x";
				CLANG_CXX_LIBRARY = "libc++";
				CLANG_ENABLE_MODULES = YES;
				CLANG_ENABLE_OBJC_ARC = YES;
				CLANG_WARN_BOOL_CONVERSION = YES;
				CLANG_WARN_CONSTANT_CONVERSION = YES;
				CLANG_WARN_DIRECT_OBJC_ISA_USAGE = YES_ERROR;
				CLANG_WARN_EMPTY_BODY = YES;
				CLANG_WARN_ENUM_CONVERSION = YES;
				CLANG_WARN_INT_CONVERSION = YES;
				CLANG_WARN_OBJC_ROOT_CLASS = YES_ERROR;
				CLANG_WARN_UNREACHABLE_CODE = YES;
				CLANG_WARN__DUPLICATE_METHOD_MATCH = YES;
				"CODE_SIGN_IDENTITY[sdk=iphoneos*]" = "iPhone Developer";
				COPY_PHASE_STRIP = NO;
				DEBUG_INFORMATION_FORMAT = "dwarf-with-dsym";
				ENABLE_NS_ASSERTIONS = NO;
				ENABLE_STRICT_OBJC_MSGSEND = YES;
				GCC_C_LANGUAGE_STANDARD = gnu99;
				GCC_NO_COMMON_BLOCKS = YES;
				GCC_WARN_64_TO_32_BIT_CONVERSION = YES;
				GCC_WARN_ABOUT_RETURN_TYPE = YES_ERROR;
				GCC_WARN_UNDECLARED_SELECTOR = YES;
				GCC_WARN_UNINITIALIZED_AUTOS = YES_AGGRESSIVE;
				GCC_WARN_UNUSED_FUNCTION = YES;
				GCC_WARN_UNUSED_VARIABLE = YES;
				IPHONEOS_DEPLOYMENT_TARGET = 8.4;
				MTL_ENABLE_DEBUG_INFO = NO;
				SDKROOT = iphoneos;
				TARGETED_DEVICE_FAMILY = 2;
				USER_HEADER_SEARCH_PATHS = "";
				VALIDATE_PRODUCT = YES;
			};
			name = Release;
		};
		17DBAD261B74B03B00B26A83 /* Debug */ = {
			isa = XCBuildConfiguration;
			buildSettings = {
				ALWAYS_SEARCH_USER_PATHS = NO;
				ASSETCATALOG_COMPILER_APPICON_NAME = AppIcon;
				CODE_SIGN_IDENTITY = "iPhone Developer";
				"CODE_SIGN_IDENTITY[sdk=iphoneos*]" = "iPhone Developer";
				HEADER_SEARCH_PATHS = (
					"$(inherited)",
					/Applications/Xcode.app/Contents/Developer/Toolchains/XcodeDefault.xctoolchain/usr/include,
				);
				INFOPLIST_FILE = BLSmartPageViewDemo/Info.plist;
				LD_RUNPATH_SEARCH_PATHS = "$(inherited) @executable_path/Frameworks";
				PRODUCT_NAME = "$(TARGET_NAME)";
				PROVISIONING_PROFILE = "";
			};
			name = Debug;
		};
		17DBAD271B74B03B00B26A83 /* Release */ = {
			isa = XCBuildConfiguration;
			buildSettings = {
				ALWAYS_SEARCH_USER_PATHS = NO;
				ASSETCATALOG_COMPILER_APPICON_NAME = AppIcon;
				CODE_SIGN_IDENTITY = "iPhone Developer";
				"CODE_SIGN_IDENTITY[sdk=iphoneos*]" = "iPhone Developer";
				HEADER_SEARCH_PATHS = (
					"$(inherited)",
					/Applications/Xcode.app/Contents/Developer/Toolchains/XcodeDefault.xctoolchain/usr/include,
				);
				INFOPLIST_FILE = BLSmartPageViewDemo/Info.plist;
				LD_RUNPATH_SEARCH_PATHS = "$(inherited) @executable_path/Frameworks";
				PRODUCT_NAME = "$(TARGET_NAME)";
				PROVISIONING_PROFILE = "";
			};
			name = Release;
		};
		17DBAD291B74B03B00B26A83 /* Debug */ = {
			isa = XCBuildConfiguration;
			buildSettings = {
				BUNDLE_LOADER = "$(TEST_HOST)";
				FRAMEWORK_SEARCH_PATHS = (
					"$(SDKROOT)/Developer/Library/Frameworks",
					"$(inherited)",
				);
				GCC_PREPROCESSOR_DEFINITIONS = (
					"DEBUG=1",
					"$(inherited)",
				);
				INFOPLIST_FILE = BLSmartPageViewDemoTests/Info.plist;
				LD_RUNPATH_SEARCH_PATHS = "$(inherited) @executable_path/Frameworks @loader_path/Frameworks";
				PRODUCT_NAME = "$(TARGET_NAME)";
				TEST_HOST = "$(BUILT_PRODUCTS_DIR)/BLSmartPageViewDemo.app/BLSmartPageViewDemo";
			};
			name = Debug;
		};
		17DBAD2A1B74B03B00B26A83 /* Release */ = {
			isa = XCBuildConfiguration;
			buildSettings = {
				BUNDLE_LOADER = "$(TEST_HOST)";
				FRAMEWORK_SEARCH_PATHS = (
					"$(SDKROOT)/Developer/Library/Frameworks",
					"$(inherited)",
				);
				INFOPLIST_FILE = BLSmartPageViewDemoTests/Info.plist;
				LD_RUNPATH_SEARCH_PATHS = "$(inherited) @executable_path/Frameworks @loader_path/Frameworks";
				PRODUCT_NAME = "$(TARGET_NAME)";
				TEST_HOST = "$(BUILT_PRODUCTS_DIR)/BLSmartPageViewDemo.app/BLSmartPageViewDemo";
			};
			name = Release;
		};
/* End XCBuildConfiguration section */

/* Begin XCConfigurationList section */
		17DBACFD1B74B03B00B26A83 /* Build configuration list for PBXProject "BLSmartPageViewDemo" */ = {
			isa = XCConfigurationList;
			buildConfigurations = (
				17DBAD231B74B03B00B26A83 /* Debug */,
				17DBAD241B74B03B00B26A83 /* Release */,
			);
			defaultConfigurationIsVisible = 0;
			defaultConfigurationName = Release;
		};
		17DBAD251B74B03B00B26A83 /* Build configuration list for PBXNativeTarget "BLSmartPageViewDemo" */ = {
			isa = XCConfigurationList;
			buildConfigurations = (
				17DBAD261B74B03B00B26A83 /* Debug */,
				17DBAD271B74B03B00B26A83 /* Release */,
			);
			defaultConfigurationIsVisible = 0;
			defaultConfigurationName = Release;
		};
		17DBAD281B74B03B00B26A83 /* Build configuration list for PBXNativeTarget "BLSmartPageViewDemoTests" */ = {
			isa = XCConfigurationList;
			buildConfigurations = (
				17DBAD291B74B03B00B26A83 /* Debug */,
				17DBAD2A1B74B03B00B26A83 /* Release */,
			);
			defaultConfigurationIsVisible = 0;
			defaultConfigurationName = Release;
		};
/* End XCConfigurationList section */
	};
	rootObject = 17DBACFA1B74B03B00B26A83 /* Project object */;
}
